{
  "version": 4,
  "terraform_version": "1.14.3",
  "serial": 287,
  "lineage": "26b07669-031e-fe32-c3fe-85c5f9de68b1",
  "outputs": {
    "alb_arn": {
      "value": "arn:aws:elasticloadbalancing:ap-northeast-2:365827924759:loadbalancer/app/cdci-prd-alb/e608329d221edeed",
      "type": "string"
    },
    "alb_dns_name": {
      "value": "cdci-prd-alb-764706690.ap-northeast-2.elb.amazonaws.com",
      "type": "string"
    },
    "alb_domain_name": {
      "value": "codecaine.yujeong91.shop",
      "type": "string"
    },
    "alb_security_group_id": {
      "value": "sg-065b3924d712acad1",
      "type": "string"
    },
    "alb_zone_id": {
      "value": "ZWKZPGTI48KDX",
      "type": "string"
    },
    "bastion_instance_id": {
      "value": "i-08c5b83f48eecb615",
      "type": "string"
    },
    "bastion_public_ip": {
      "value": "3.37.131.132",
      "type": "string"
    },
    "bastion_security_group_id": {
      "value": "sg-0f8a2cd9753c2ab2f",
      "type": "string"
    },
    "cloudwatch_log_group_name": {
      "value": "/ecs/cdci-prd",
      "type": "string"
    },
    "codef_s3_bucket_arn": {
      "value": "arn:aws:s3:::cdci-prd-codef-data",
      "type": "string"
    },
    "codef_s3_bucket_name": {
      "value": "cdci-prd-codef-data",
      "type": "string"
    },
    "ecr_repository_arns": {
      "value": {
        "codecaine-analysis": "arn:aws:ecr:ap-northeast-2:365827924759:repository/codecaine-analysis",
        "codecaine-chatbot": "arn:aws:ecr:ap-northeast-2:365827924759:repository/codecaine-chatbot",
        "codecaine-frontend": "arn:aws:ecr:ap-northeast-2:365827924759:repository/codecaine-frontend",
        "codecaine-history": "arn:aws:ecr:ap-northeast-2:365827924759:repository/codecaine-history",
        "codecaine-mypage": "arn:aws:ecr:ap-northeast-2:365827924759:repository/codecaine-mypage"
      },
      "type": [
        "object",
        {
          "codecaine-analysis": "string",
          "codecaine-chatbot": "string",
          "codecaine-frontend": "string",
          "codecaine-history": "string",
          "codecaine-mypage": "string"
        }
      ]
    },
    "ecr_repository_urls": {
      "value": {
        "codecaine-analysis": "365827924759.dkr.ecr.ap-northeast-2.amazonaws.com/codecaine-analysis",
        "codecaine-chatbot": "365827924759.dkr.ecr.ap-northeast-2.amazonaws.com/codecaine-chatbot",
        "codecaine-frontend": "365827924759.dkr.ecr.ap-northeast-2.amazonaws.com/codecaine-frontend",
        "codecaine-history": "365827924759.dkr.ecr.ap-northeast-2.amazonaws.com/codecaine-history",
        "codecaine-mypage": "365827924759.dkr.ecr.ap-northeast-2.amazonaws.com/codecaine-mypage"
      },
      "type": [
        "object",
        {
          "codecaine-analysis": "string",
          "codecaine-chatbot": "string",
          "codecaine-frontend": "string",
          "codecaine-history": "string",
          "codecaine-mypage": "string"
        }
      ]
    },
    "ecs_cluster_id": {
      "value": "arn:aws:ecs:ap-northeast-2:365827924759:cluster/cdci-prd-cluster",
      "type": "string"
    },
    "ecs_cluster_name": {
      "value": "cdci-prd-cluster",
      "type": "string"
    },
    "ecs_service_name": {
      "value": "cdci-prd-service",
      "type": "string"
    },
    "ecs_task_definition_arn": {
      "value": "arn:aws:ecs:ap-northeast-2:365827924759:task-definition/cdci-prd:2",
      "type": "string"
    },
    "ecs_tasks_security_group_id": {
      "value": "sg-0794c3aa6fec291f4",
      "type": "string"
    },
    "private_app_subnet_ids": {
      "value": [
        "subnet-0bf2508c9ef204ade",
        "subnet-0824108c26b4fbf43"
      ],
      "type": [
        "list",
        "string"
      ]
    },
    "public_subnet_ids": {
      "value": [
        "subnet-052cecfdbd1d30bdd",
        "subnet-0c5b89151f216582c"
      ],
      "type": [
        "list",
        "string"
      ]
    },
    "target_group_arns": {
      "value": {
        "analysis": "arn:aws:elasticloadbalancing:ap-northeast-2:365827924759:targetgroup/cdci-prd-analysis-tg/7c1c201b57e37246",
        "chatbot": "arn:aws:elasticloadbalancing:ap-northeast-2:365827924759:targetgroup/cdci-prd-chatbot-tg/2695e80976509f0a",
        "frontend": "arn:aws:elasticloadbalancing:ap-northeast-2:365827924759:targetgroup/cdci-prd-frontend-tg/67b0b13912b2a8f3",
        "history": "arn:aws:elasticloadbalancing:ap-northeast-2:365827924759:targetgroup/cdci-prd-history-tg/fc0af3d025edc4da",
        "mypage": "arn:aws:elasticloadbalancing:ap-northeast-2:365827924759:targetgroup/cdci-prd-mypage-tg/49e1560d719b10dc"
      },
      "type": [
        "object",
        {
          "analysis": "string",
          "chatbot": "string",
          "frontend": "string",
          "history": "string",
          "mypage": "string"
        }
      ]
    },
    "vpc_id": {
      "value": "vpc-08a241410715386e1",
      "type": "string"
    }
  },
  "resources": [
    {
      "mode": "data",
      "type": "aws_ami",
      "name": "amazon_linux_2023",
      "provider": "provider[\"registry.terraform.io/hashicorp/aws\"]",
      "instances": [
        {
          "schema_version": 0,
          "attributes": {
            "architecture": "x86_64",
            "arn": "arn:aws:ec2:ap-northeast-2::image/ami-00d2265ac70838f15",
            "block_device_mappings": [
              {
                "device_name": "/dev/xvda",
                "ebs": {
                  "delete_on_termination": "true",
                  "encrypted": "false",
                  "iops": "3000",
                  "snapshot_id": "snap-0ab88cc7eca0188d3",
                  "throughput": "125",
                  "volume_initialization_rate": "0",
                  "volume_size": "2",
                  "volume_type": "gp3"
                },
                "no_device": "",
                "virtual_name": ""
              }
            ],
            "boot_mode": "uefi-preferred",
            "creation_date": "2026-03-03T18:11:55.000Z",
            "deprecation_time": "2026-06-01T23:47:00.000Z",
            "description": "Amazon Linux 2023 AMI 2023.10.20260302.1 x86_64 Minimal HVM kernel-6.18",
            "ena_support": true,
            "executable_users": null,
            "filter": [
              {
                "name": "name",
                "values": [
                  "al2023-ami-*-x86_64"
                ]
              },
              {
                "name": "virtualization-type",
                "values": [
                  "hvm"
                ]
              }
            ],
            "hypervisor": "xen",
            "id": "ami-00d2265ac70838f15",
            "image_id": "ami-00d2265ac70838f15",
            "image_location": "amazon/al2023-ami-minimal-2023.10.20260302.1-kernel-6.18-x86_64",
            "image_owner_alias": "amazon",
            "image_type": "machine",
            "imds_support": "v2.0",
            "include_deprecated": false,
            "kernel_id": "",
            "last_launched_time": "",
            "most_recent": true,
            "name": "al2023-ami-minimal-2023.10.20260302.1-kernel-6.18-x86_64",
            "name_regex": null,
            "owner_id": "137112412989",
            "owners": [
              "amazon"
            ],
            "platform": "",
            "platform_details": "Linux/UNIX",
            "product_codes": [],
            "public": true,
            "ramdisk_id": "",
            "root_device_name": "/dev/xvda",
            "root_device_type": "ebs",
            "root_snapshot_id": "snap-0ab88cc7eca0188d3",
            "sriov_net_support": "simple",
            "state": "available",
            "state_reason": {
              "code": "UNSET",
              "message": "UNSET"
            },
            "tags": {},
            "timeouts": null,
            "tpm_support": "",
            "uefi_data": null,
            "usage_operation": "RunInstances",
            "virtualization_type": "hvm"
          },
          "sensitive_attributes": [],
          "identity_schema_version": 0
        }
      ]
    },
    {
      "mode": "data",
      "type": "aws_elb_service_account",
      "name": "main",
      "provider": "provider[\"registry.terraform.io/hashicorp/aws\"]",
      "instances": [
        {
          "schema_version": 0,
          "attributes": {
            "arn": "arn:aws:iam::600734575887:root",
            "id": "600734575887",
            "region": null
          },
          "sensitive_attributes": [],
          "identity_schema_version": 0
        }
      ]
    },
    {
      "mode": "data",
      "type": "aws_route53_zone",
      "name": "main",
      "provider": "provider[\"registry.terraform.io/hashicorp/aws\"]",
      "instances": [
        {
          "schema_version": 0,
          "attributes": {
            "arn": "arn:aws:route53:::hostedzone/Z009220527NRWAL7GBEUE",
            "caller_reference": "terraform-20260204003636271500000001",
            "comment": "Managed by Terraform",
            "id": "Z009220527NRWAL7GBEUE",
            "linked_service_description": null,
            "linked_service_principal": null,
            "name": "yujeong91.shop",
            "name_servers": [
              "ns-856.awsdns-43.net",
              "ns-1897.awsdns-45.co.uk",
              "ns-13.awsdns-01.com",
              "ns-1073.awsdns-06.org"
            ],
            "primary_name_server": "ns-856.awsdns-43.net",
            "private_zone": false,
            "resource_record_set_count": 3,
            "tags": {},
            "vpc_id": null,
            "zone_id": "Z009220527NRWAL7GBEUE"
          },
          "sensitive_attributes": [],
          "identity_schema_version": 0
        }
      ]
    },
    {
      "mode": "data",
      "type": "terraform_remote_state",
      "name": "foundation",
      "provider": "provider[\"terraform.io/builtin/terraform\"]",
      "instances": [
        {
          "index_key": 0,
          "schema_version": 0,
          "attributes": {
            "backend": "local",
            "config": {
              "value": {
                "path": "../foundation/terraform.tfstate"
              },
              "type": [
                "object",
                {
                  "path": "string"
                }
              ]
            },
            "defaults": null,
            "outputs": {
              "value": {
                "alb_security_group_id": "sg-065b3924d712acad1",
                "bastion_security_group_id": "sg-0f6d67980f30fe8af",
                "db_subnet_group_name": "cdci-prd-db-subnet-group",
                "ecs_tasks_security_group_id": "sg-0794c3aa6fec291f4",
                "private_app_route_table_id": "rtb-0ff0b24eb2dc687a0",
                "private_app_subnet_ids": [
                  "subnet-0bf2508c9ef204ade",
                  "subnet-0824108c26b4fbf43"
                ],
                "private_db_subnet_ids": [
                  "subnet-011fe53060ba477a3",
                  "subnet-05f22730dbe96e76e"
                ],
                "public_subnet_ids": [
                  "subnet-052cecfdbd1d30bdd",
                  "subnet-0c5b89151f216582c"
                ],
                "rds_security_group_id": "sg-065772f3e150c4266",
                "vpc_cidr": "10.0.0.0/16",
                "vpc_endpoints_security_group_id": "sg-0be06d68fee37a8ef",
                "vpc_id": "vpc-08a241410715386e1"
              },
              "type": [
                "object",
                {
                  "alb_security_group_id": "string",
                  "bastion_security_group_id": "string",
                  "db_subnet_group_name": "string",
                  "ecs_tasks_security_group_id": "string",
                  "private_app_route_table_id": "string",
                  "private_app_subnet_ids": [
                    "tuple",
                    [
                      "string",
                      "string"
                    ]
                  ],
                  "private_db_subnet_ids": [
                    "tuple",
                    [
                      "string",
                      "string"
                    ]
                  ],
                  "public_subnet_ids": [
                    "tuple",
                    [
                      "string",
                      "string"
                    ]
                  ],
                  "rds_security_group_id": "string",
                  "vpc_cidr": "string",
                  "vpc_endpoints_security_group_id": "string",
                  "vpc_id": "string"
                }
              ]
            },
            "workspace": null
          },
          "sensitive_attributes": [],
          "identity_schema_version": 0
        }
      ]
    },
    {
      "mode": "data",
      "type": "terraform_remote_state",
      "name": "storage",
      "provider": "provider[\"terraform.io/builtin/terraform\"]",
      "instances": []
    },
    {
      "mode": "managed",
      "type": "aws_appautoscaling_policy",
      "name": "cpu",
      "provider": "provider[\"registry.terraform.io/hashicorp/aws\"]",
      "instances": [
        {
          "schema_version": 0,
          "attributes": {
            "alarm_arns": [
              "arn:aws:cloudwatch:ap-northeast-2:365827924759:alarm:TargetTracking-service/cdci-prd-cluster/cdci-prd-service-AlarmHigh-7ce6c491-2c4d-47e0-93c3-77fa38c8dd0e",
              "arn:aws:cloudwatch:ap-northeast-2:365827924759:alarm:TargetTracking-service/cdci-prd-cluster/cdci-prd-service-AlarmLow-e7cf2937-72b6-4342-aa9a-763c8b84e917"
            ],
            "arn": "arn:aws:autoscaling:ap-northeast-2:365827924759:scalingPolicy:ea4aa6df-e755-43f1-8dee-321682395a9b:resource/ecs/service/cdci-prd-cluster/cdci-prd-service:policyName/cdci-prd-cpu-scaling",
            "id": "cdci-prd-cpu-scaling",
            "name": "cdci-prd-cpu-scaling",
            "policy_type": "TargetTrackingScaling",
            "resource_id": "service/cdci-prd-cluster/cdci-prd-service",
            "scalable_dimension": "ecs:service:DesiredCount",
            "service_namespace": "ecs",
            "step_scaling_policy_configuration": [],
            "target_tracking_scaling_policy_configuration": [
              {
                "customized_metric_specification": [],
                "disable_scale_in": false,
                "predefined_metric_specification": [
                  {
                    "predefined_metric_type": "ECSServiceAverageCPUUtilization",
                    "resource_label": ""
                  }
                ],
                "scale_in_cooldown": 300,
                "scale_out_cooldown": 60,
                "target_value": 70
              }
            ]
          },
          "sensitive_attributes": [],
          "identity_schema_version": 0,
          "private": "bnVsbA==",
          "dependencies": [
            "aws_appautoscaling_target.ecs",
            "aws_cloudwatch_log_group.ecs",
            "aws_ecs_cluster.main",
            "aws_ecs_service.app",
            "aws_ecs_task_definition.app",
            "aws_iam_role.ecs_task",
            "aws_iam_role.ecs_task_execution",
            "aws_lb.main",
            "aws_lb_listener.http",
            "aws_lb_listener.https",
            "aws_lb_target_group.frontend",
            "aws_s3_bucket.alb_logs",
            "aws_security_group.alb",
            "aws_security_group.ecs_tasks",
            "aws_subnet.private_app",
            "aws_subnet.public",
            "aws_vpc.cluster",
            "data.terraform_remote_state.foundation"
          ]
        }
      ]
    },
    {
      "mode": "managed",
      "type": "aws_appautoscaling_policy",
      "name": "memory",
      "provider": "provider[\"registry.terraform.io/hashicorp/aws\"]",
      "instances": [
        {
          "schema_version": 0,
          "attributes": {
            "alarm_arns": [
              "arn:aws:cloudwatch:ap-northeast-2:365827924759:alarm:TargetTracking-service/cdci-prd-cluster/cdci-prd-service-AlarmHigh-8e64716f-6231-436a-9df7-b2df71c35b1e",
              "arn:aws:cloudwatch:ap-northeast-2:365827924759:alarm:TargetTracking-service/cdci-prd-cluster/cdci-prd-service-AlarmLow-67d5ca06-2fcd-4f9f-9342-b3ba085af853"
            ],
            "arn": "arn:aws:autoscaling:ap-northeast-2:365827924759:scalingPolicy:ea4aa6df-e755-43f1-8dee-321682395a9b:resource/ecs/service/cdci-prd-cluster/cdci-prd-service:policyName/cdci-prd-memory-scaling",
            "id": "cdci-prd-memory-scaling",
            "name": "cdci-prd-memory-scaling",
            "policy_type": "TargetTrackingScaling",
            "resource_id": "service/cdci-prd-cluster/cdci-prd-service",
            "scalable_dimension": "ecs:service:DesiredCount",
            "service_namespace": "ecs",
            "step_scaling_policy_configuration": [],
            "target_tracking_scaling_policy_configuration": [
              {
                "customized_metric_specification": [],
                "disable_scale_in": false,
                "predefined_metric_specification": [
                  {
                    "predefined_metric_type": "ECSServiceAverageMemoryUtilization",
                    "resource_label": ""
                  }
                ],
                "scale_in_cooldown": 300,
                "scale_out_cooldown": 60,
                "target_value": 80
              }
            ]
          },
          "sensitive_attributes": [],
          "identity_schema_version": 0,
          "private": "bnVsbA==",
          "dependencies": [
            "aws_appautoscaling_target.ecs",
            "aws_cloudwatch_log_group.ecs",
            "aws_ecs_cluster.main",
            "aws_ecs_service.app",
            "aws_ecs_task_definition.app",
            "aws_iam_role.ecs_task",
            "aws_iam_role.ecs_task_execution",
            "aws_lb.main",
            "aws_lb_listener.http",
            "aws_lb_listener.https",
            "aws_lb_target_group.frontend",
            "aws_s3_bucket.alb_logs",
            "aws_security_group.alb",
            "aws_security_group.ecs_tasks",
            "aws_subnet.private_app",
            "aws_subnet.public",
            "aws_vpc.cluster",
            "data.terraform_remote_state.foundation"
          ]
        }
      ]
    },
    {
      "mode": "managed",
      "type": "aws_appautoscaling_policy",
      "name": "request_count",
      "provider": "provider[\"registry.terraform.io/hashicorp/aws\"]",
      "instances": [
        {
          "schema_version": 0,
          "attributes": {
            "alarm_arns": [
              "arn:aws:cloudwatch:ap-northeast-2:365827924759:alarm:TargetTracking-service/cdci-prd-cluster/cdci-prd-service-AlarmHigh-4c29baf0-e108-4c6e-971f-b969c270c163",
              "arn:aws:cloudwatch:ap-northeast-2:365827924759:alarm:TargetTracking-service/cdci-prd-cluster/cdci-prd-service-AlarmLow-a0fd942e-8106-404d-8033-0fd992b999c9"
            ],
            "arn": "arn:aws:autoscaling:ap-northeast-2:365827924759:scalingPolicy:ea4aa6df-e755-43f1-8dee-321682395a9b:resource/ecs/service/cdci-prd-cluster/cdci-prd-service:policyName/cdci-prd-request-scaling",
            "id": "cdci-prd-request-scaling",
            "name": "cdci-prd-request-scaling",
            "policy_type": "TargetTrackingScaling",
            "resource_id": "service/cdci-prd-cluster/cdci-prd-service",
            "scalable_dimension": "ecs:service:DesiredCount",
            "service_namespace": "ecs",
            "step_scaling_policy_configuration": [],
            "target_tracking_scaling_policy_configuration": [
              {
                "customized_metric_specification": [],
                "disable_scale_in": false,
                "predefined_metric_specification": [
                  {
                    "predefined_metric_type": "ALBRequestCountPerTarget",
                    "resource_label": "app/cdci-prd-alb/e608329d221edeed/targetgroup/cdci-prd-tg/b6f66831260e6c4e"
                  }
                ],
                "scale_in_cooldown": 300,
                "scale_out_cooldown": 60,
                "target_value": 1000
              }
            ]
          },
          "sensitive_attributes": [],
          "identity_schema_version": 0,
          "private": "bnVsbA==",
          "dependencies": [
            "aws_appautoscaling_target.ecs",
            "aws_cloudwatch_log_group.ecs",
            "aws_ecs_cluster.main",
            "aws_ecs_service.app",
            "aws_ecs_task_definition.app",
            "aws_iam_role.ecs_task",
            "aws_iam_role.ecs_task_execution",
            "aws_lb.main",
            "aws_lb_listener.http",
            "aws_lb_listener.https",
            "aws_lb_target_group.app",
            "aws_lb_target_group.frontend",
            "aws_s3_bucket.alb_logs",
            "aws_security_group.alb",
            "aws_security_group.ecs_tasks",
            "aws_subnet.private_app",
            "aws_subnet.public",
            "aws_vpc.cluster",
            "data.terraform_remote_state.foundation"
          ]
        }
      ]
    },
    {
      "mode": "managed",
      "type": "aws_appautoscaling_target",
      "name": "ecs",
      "provider": "provider[\"registry.terraform.io/hashicorp/aws\"]",
      "instances": [
        {
          "schema_version": 0,
          "attributes": {
            "arn": "arn:aws:application-autoscaling:ap-northeast-2:365827924759:scalable-target/0ec5ea4aa6dfe75543f18dee321682395a9b",
            "id": "service/cdci-prd-cluster/cdci-prd-service",
            "max_capacity": 4,
            "min_capacity": 1,
            "resource_id": "service/cdci-prd-cluster/cdci-prd-service",
            "role_arn": "arn:aws:iam::365827924759:role/aws-service-role/ecs.application-autoscaling.amazonaws.com/AWSServiceRoleForApplicationAutoScaling_ECSService",
            "scalable_dimension": "ecs:service:DesiredCount",
            "service_namespace": "ecs",
            "suspended_state": [
              {
                "dynamic_scaling_in_suspended": false,
                "dynamic_scaling_out_suspended": false,
                "scheduled_scaling_suspended": false
              }
            ],
            "tags": {},
            "tags_all": {
              "Environment": "prd",
              "ManagedBy": "Terraform",
              "Module": "compute-cluster",
              "Project": "cdci"
            }
          },
          "sensitive_attributes": [],
          "identity_schema_version": 0,
          "private": "bnVsbA==",
          "dependencies": [
            "aws_cloudwatch_log_group.ecs",
            "aws_ecs_cluster.main",
            "aws_ecs_service.app",
            "aws_ecs_task_definition.app",
            "aws_iam_role.ecs_task",
            "aws_iam_role.ecs_task_execution",
            "aws_lb.main",
            "aws_lb_listener.http",
            "aws_lb_listener.https",
            "aws_lb_target_group.frontend",
            "aws_s3_bucket.alb_logs",
            "aws_security_group.alb",
            "aws_security_group.ecs_tasks",
            "aws_subnet.private_app",
            "aws_subnet.public",
            "aws_vpc.cluster",
            "data.terraform_remote_state.foundation"
          ]
        }
      ]
    },
    {
      "mode": "managed",
      "type": "aws_cloudwatch_log_group",
      "name": "ecs",
      "provider": "provider[\"registry.terraform.io/hashicorp/aws\"]",
      "instances": [
        {
          "schema_version": 0,
          "attributes": {
            "arn": "arn:aws:logs:ap-northeast-2:365827924759:log-group:/ecs/cdci-prd",
            "id": "/ecs/cdci-prd",
            "kms_key_id": "",
            "log_group_class": "STANDARD",
            "name": "/ecs/cdci-prd",
            "name_prefix": "",
            "retention_in_days": 7,
            "skip_destroy": false,
            "tags": {
              "Name": "CDCI-PRD-ECS-LOGS"
            },
            "tags_all": {
              "Environment": "prd",
              "ManagedBy": "Terraform",
              "Module": "compute-cluster",
              "Name": "CDCI-PRD-ECS-LOGS",
              "Project": "cdci"
            }
          },
          "sensitive_attributes": [],
          "identity_schema_version": 0,
          "private": "bnVsbA=="
        }
      ]
    },
    {
      "mode": "managed",
      "type": "aws_ecr_lifecycle_policy",
      "name": "repositories",
      "provider": "provider[\"registry.terraform.io/hashicorp/aws\"]",
      "instances": [
        {
          "index_key": "codecaine-analysis",
          "schema_version": 0,
          "attributes": {
            "id": "codecaine-analysis",
            "policy": "{\"rules\":[{\"action\":{\"type\":\"expire\"},\"description\":\"Keep last 10 tagged images\",\"rulePriority\":1,\"selection\":{\"countNumber\":10,\"countType\":\"imageCountMoreThan\",\"tagPrefixList\":[\"v\"],\"tagStatus\":\"tagged\"}},{\"action\":{\"type\":\"expire\"},\"description\":\"Remove untagged images after 7 days\",\"rulePriority\":2,\"selection\":{\"countNumber\":7,\"countType\":\"sinceImagePushed\",\"countUnit\":\"days\",\"tagStatus\":\"untagged\"}}]}",
            "registry_id": "365827924759",
            "repository": "codecaine-analysis"
          },
          "sensitive_attributes": [],
          "identity_schema_version": 0,
          "private": "bnVsbA==",
          "dependencies": [
            "aws_ecr_repository.repositories"
          ]
        },
        {
          "index_key": "codecaine-chatbot",
          "schema_version": 0,
          "attributes": {
            "id": "codecaine-chatbot",
            "policy": "{\"rules\":[{\"action\":{\"type\":\"expire\"},\"description\":\"Keep last 10 tagged images\",\"rulePriority\":1,\"selection\":{\"countNumber\":10,\"countType\":\"imageCountMoreThan\",\"tagPrefixList\":[\"v\"],\"tagStatus\":\"tagged\"}},{\"action\":{\"type\":\"expire\"},\"description\":\"Remove untagged images after 7 days\",\"rulePriority\":2,\"selection\":{\"countNumber\":7,\"countType\":\"sinceImagePushed\",\"countUnit\":\"days\",\"tagStatus\":\"untagged\"}}]}",
            "registry_id": "365827924759",
            "repository": "codecaine-chatbot"
          },
          "sensitive_attributes": [],
          "identity_schema_version": 0,
          "private": "bnVsbA==",
          "dependencies": [
            "aws_ecr_repository.repositories"
          ]
        },
        {
          "index_key": "codecaine-frontend",
          "schema_version": 0,
          "attributes": {
            "id": "codecaine-frontend",
            "policy": "{\"rules\":[{\"action\":{\"type\":\"expire\"},\"description\":\"Keep last 10 tagged images\",\"rulePriority\":1,\"selection\":{\"countNumber\":10,\"countType\":\"imageCountMoreThan\",\"tagPrefixList\":[\"v\"],\"tagStatus\":\"tagged\"}},{\"action\":{\"type\":\"expire\"},\"description\":\"Remove untagged images after 7 days\",\"rulePriority\":2,\"selection\":{\"countNumber\":7,\"countType\":\"sinceImagePushed\",\"countUnit\":\"days\",\"tagStatus\":\"untagged\"}}]}",
            "registry_id": "365827924759",
            "repository": "codecaine-frontend"
          },
          "sensitive_attributes": [],
          "identity_schema_version": 0,
          "private": "bnVsbA==",
          "dependencies": [
            "aws_ecr_repository.repositories"
          ]
        },
        {
          "index_key": "codecaine-history",
          "schema_version": 0,
          "attributes": {
            "id": "codecaine-history",
            "policy": "{\"rules\":[{\"action\":{\"type\":\"expire\"},\"description\":\"Keep last 10 tagged images\",\"rulePriority\":1,\"selection\":{\"countNumber\":10,\"countType\":\"imageCountMoreThan\",\"tagPrefixList\":[\"v\"],\"tagStatus\":\"tagged\"}},{\"action\":{\"type\":\"expire\"},\"description\":\"Remove untagged images after 7 days\",\"rulePriority\":2,\"selection\":{\"countNumber\":7,\"countType\":\"sinceImagePushed\",\"countUnit\":\"days\",\"tagStatus\":\"untagged\"}}]}",
            "registry_id": "365827924759",
            "repository": "codecaine-history"
          },
          "sensitive_attributes": [],
          "identity_schema_version": 0,
          "private": "bnVsbA==",
          "dependencies": [
            "aws_ecr_repository.repositories"
          ]
        },
        {
          "index_key": "codecaine-mypage",
          "schema_version": 0,
          "attributes": {
            "id": "codecaine-mypage",
            "policy": "{\"rules\":[{\"action\":{\"type\":\"expire\"},\"description\":\"Keep last 10 tagged images\",\"rulePriority\":1,\"selection\":{\"countNumber\":10,\"countType\":\"imageCountMoreThan\",\"tagPrefixList\":[\"v\"],\"tagStatus\":\"tagged\"}},{\"action\":{\"type\":\"expire\"},\"description\":\"Remove untagged images after 7 days\",\"rulePriority\":2,\"selection\":{\"countNumber\":7,\"countType\":\"sinceImagePushed\",\"countUnit\":\"days\",\"tagStatus\":\"untagged\"}}]}",
            "registry_id": "365827924759",
            "repository": "codecaine-mypage"
          },
          "sensitive_attributes": [],
          "identity_schema_version": 0,
          "private": "bnVsbA==",
          "dependencies": [
            "aws_ecr_repository.repositories"
          ]
        }
      ]
    },
    {
      "mode": "managed",
      "type": "aws_ecr_repository",
      "name": "repositories",
      "provider": "provider[\"registry.terraform.io/hashicorp/aws\"]",
      "instances": [
        {
          "index_key": "codecaine-analysis",
          "schema_version": 0,
          "attributes": {
            "arn": "arn:aws:ecr:ap-northeast-2:365827924759:repository/codecaine-analysis",
            "encryption_configuration": [
              {
                "encryption_type": "AES256",
                "kms_key": ""
              }
            ],
            "force_delete": null,
            "id": "codecaine-analysis",
            "image_scanning_configuration": [
              {
                "scan_on_push": true
              }
            ],
            "image_tag_mutability": "MUTABLE",
            "name": "codecaine-analysis",
            "registry_id": "365827924759",
            "repository_url": "365827924759.dkr.ecr.ap-northeast-2.amazonaws.com/codecaine-analysis",
            "tags": {
              "Environment": "prd",
              "Name": "codecaine-analysis-ecr",
              "Project": "cdci"
            },
            "tags_all": {
              "Environment": "prd",
              "ManagedBy": "Terraform",
              "Module": "compute-cluster",
              "Name": "codecaine-analysis-ecr",
              "Project": "cdci"
            },
            "timeouts": null
          },
          "sensitive_attributes": [],
          "identity_schema_version": 0,
          "private": "eyJlMmJmYjczMC1lY2FhLTExZTYtOGY4OC0zNDM2M2JjN2M0YzAiOnsiZGVsZXRlIjoxMjAwMDAwMDAwMDAwfX0="
        },
        {
          "index_key": "codecaine-chatbot",
          "schema_version": 0,
          "attributes": {
            "arn": "arn:aws:ecr:ap-northeast-2:365827924759:repository/codecaine-chatbot",
            "encryption_configuration": [
              {
                "encryption_type": "AES256",
                "kms_key": ""
              }
            ],
            "force_delete": null,
            "id": "codecaine-chatbot",
            "image_scanning_configuration": [
              {
                "scan_on_push": true
              }
            ],
            "image_tag_mutability": "MUTABLE",
            "name": "codecaine-chatbot",
            "registry_id": "365827924759",
            "repository_url": "365827924759.dkr.ecr.ap-northeast-2.amazonaws.com/codecaine-chatbot",
            "tags": {
              "Environment": "prd",
              "Name": "codecaine-chatbot-ecr",
              "Project": "cdci"
            },
            "tags_all": {
              "Environment": "prd",
              "ManagedBy": "Terraform",
              "Module": "compute-cluster",
              "Name": "codecaine-chatbot-ecr",
              "Project": "cdci"
            },
            "timeouts": null
          },
          "sensitive_attributes": [],
          "identity_schema_version": 0,
          "private": "eyJlMmJmYjczMC1lY2FhLTExZTYtOGY4OC0zNDM2M2JjN2M0YzAiOnsiZGVsZXRlIjoxMjAwMDAwMDAwMDAwfX0="
        },
        {
          "index_key": "codecaine-frontend",
          "schema_version": 0,
          "attributes": {
            "arn": "arn:aws:ecr:ap-northeast-2:365827924759:repository/codecaine-frontend",
            "encryption_configuration": [
              {
                "encryption_type": "AES256",
                "kms_key": ""
              }
            ],
            "force_delete": null,
            "id": "codecaine-frontend",
            "image_scanning_configuration": [
              {
                "scan_on_push": true
              }
            ],
            "image_tag_mutability": "MUTABLE",
            "name": "codecaine-frontend",
            "registry_id": "365827924759",
            "repository_url": "365827924759.dkr.ecr.ap-northeast-2.amazonaws.com/codecaine-frontend",
            "tags": {
              "Environment": "prd",
              "Name": "codecaine-frontend-ecr",
              "Project": "cdci"
            },
            "tags_all": {
              "Environment": "prd",
              "ManagedBy": "Terraform",
              "Module": "compute-cluster",
              "Name": "codecaine-frontend-ecr",
              "Project": "cdci"
            },
            "timeouts": null
          },
          "sensitive_attributes": [],
          "identity_schema_version": 0,
          "private": "eyJlMmJmYjczMC1lY2FhLTExZTYtOGY4OC0zNDM2M2JjN2M0YzAiOnsiZGVsZXRlIjoxMjAwMDAwMDAwMDAwfX0="
        },
        {
          "index_key": "codecaine-history",
          "schema_version": 0,
          "attributes": {
            "arn": "arn:aws:ecr:ap-northeast-2:365827924759:repository/codecaine-history",
            "encryption_configuration": [
              {
                "encryption_type": "AES256",
                "kms_key": ""
              }
            ],
            "force_delete": null,
            "id": "codecaine-history",
            "image_scanning_configuration": [
              {
                "scan_on_push": true
              }
            ],
            "image_tag_mutability": "MUTABLE",
            "name": "codecaine-history",
            "registry_id": "365827924759",
            "repository_url": "365827924759.dkr.ecr.ap-northeast-2.amazonaws.com/codecaine-history",
            "tags": {
              "Environment": "prd",
              "Name": "codecaine-history-ecr",
              "Project": "cdci"
            },
            "tags_all": {
              "Environment": "prd",
              "ManagedBy": "Terraform",
              "Module": "compute-cluster",
              "Name": "codecaine-history-ecr",
              "Project": "cdci"
            },
            "timeouts": null
          },
          "sensitive_attributes": [],
          "identity_schema_version": 0,
          "private": "eyJlMmJmYjczMC1lY2FhLTExZTYtOGY4OC0zNDM2M2JjN2M0YzAiOnsiZGVsZXRlIjoxMjAwMDAwMDAwMDAwfX0="
        },
        {
          "index_key": "codecaine-mypage",
          "schema_version": 0,
          "attributes": {
            "arn": "arn:aws:ecr:ap-northeast-2:365827924759:repository/codecaine-mypage",
            "encryption_configuration": [
              {
                "encryption_type": "AES256",
                "kms_key": ""
              }
            ],
            "force_delete": null,
            "id": "codecaine-mypage",
            "image_scanning_configuration": [
              {
                "scan_on_push": true
              }
            ],
            "image_tag_mutability": "MUTABLE",
            "name": "codecaine-mypage",
            "registry_id": "365827924759",
            "repository_url": "365827924759.dkr.ecr.ap-northeast-2.amazonaws.com/codecaine-mypage",
            "tags": {
              "Environment": "prd",
              "Name": "codecaine-mypage-ecr",
              "Project": "cdci"
            },
            "tags_all": {
              "Environment": "prd",
              "ManagedBy": "Terraform",
              "Module": "compute-cluster",
              "Name": "codecaine-mypage-ecr",
              "Project": "cdci"
            },
            "timeouts": null
          },
          "sensitive_attributes": [],
          "identity_schema_version": 0,
          "private": "eyJlMmJmYjczMC1lY2FhLTExZTYtOGY4OC0zNDM2M2JjN2M0YzAiOnsiZGVsZXRlIjoxMjAwMDAwMDAwMDAwfX0="
        }
      ]
    },
    {
      "mode": "managed",
      "type": "aws_ecs_cluster",
      "name": "main",
      "provider": "provider[\"registry.terraform.io/hashicorp/aws\"]",
      "instances": [
        {
          "schema_version": 0,
          "attributes": {
            "arn": "arn:aws:ecs:ap-northeast-2:365827924759:cluster/cdci-prd-cluster",
            "configuration": [],
            "id": "arn:aws:ecs:ap-northeast-2:365827924759:cluster/cdci-prd-cluster",
            "name": "cdci-prd-cluster",
            "service_connect_defaults": [],
            "setting": [
              {
                "name": "containerInsights",
                "value": "disabled"
              }
            ],
            "tags": {
              "Name": "CDCI-PRD-ECS-CLUSTER"
            },
            "tags_all": {
              "Environment": "prd",
              "ManagedBy": "Terraform",
              "Module": "compute-cluster",
              "Name": "CDCI-PRD-ECS-CLUSTER",
              "Project": "cdci"
            }
          },
          "sensitive_attributes": [],
          "identity_schema_version": 0,
          "private": "bnVsbA=="
        }
      ]
    },
    {
      "mode": "managed",
      "type": "aws_ecs_service",
      "name": "app",
      "provider": "provider[\"registry.terraform.io/hashicorp/aws\"]",
      "instances": [
        {
          "schema_version": 1,
          "attributes": {
            "alarms": [],
            "availability_zone_rebalancing": "DISABLED",
            "capacity_provider_strategy": [],
            "cluster": "arn:aws:ecs:ap-northeast-2:365827924759:cluster/cdci-prd-cluster",
            "deployment_circuit_breaker": [
              {
                "enable": true,
                "rollback": true
              }
            ],
            "deployment_controller": [
              {
                "type": "ECS"
              }
            ],
            "deployment_maximum_percent": 200,
            "deployment_minimum_healthy_percent": 100,
            "desired_count": 1,
            "enable_ecs_managed_tags": false,
            "enable_execute_command": false,
            "force_delete": null,
            "force_new_deployment": null,
            "health_check_grace_period_seconds": 0,
            "iam_role": "/aws-service-role/ecs.amazonaws.com/AWSServiceRoleForECS",
            "id": "arn:aws:ecs:ap-northeast-2:365827924759:service/cdci-prd-cluster/cdci-prd-service",
            "launch_type": "FARGATE",
            "load_balancer": [
              {
                "container_name": "app",
                "container_port": 8080,
                "elb_name": "",
                "target_group_arn": "arn:aws:elasticloadbalancing:ap-northeast-2:365827924759:targetgroup/cdci-prd-tg/b6f66831260e6c4e"
              }
            ],
            "name": "cdci-prd-service",
            "network_configuration": [
              {
                "assign_public_ip": false,
                "security_groups": [
                  "sg-0794c3aa6fec291f4"
                ],
                "subnets": [
                  "subnet-0824108c26b4fbf43",
                  "subnet-0bf2508c9ef204ade"
                ]
              }
            ],
            "ordered_placement_strategy": [],
            "placement_constraints": [],
            "platform_version": "LATEST",
            "propagate_tags": "NONE",
            "scheduling_strategy": "REPLICA",
            "service_connect_configuration": [],
            "service_registries": [],
            "tags": {
              "Name": "CDCI-PRD-ECS-SERVICE"
            },
            "tags_all": {
              "Environment": "prd",
              "ManagedBy": "Terraform",
              "Module": "compute-cluster",
              "Name": "CDCI-PRD-ECS-SERVICE",
              "Project": "cdci"
            },
            "task_definition": "arn:aws:ecs:ap-northeast-2:365827924759:task-definition/cdci-prd:2",
            "timeouts": null,
            "triggers": {},
            "volume_configuration": [],
            "vpc_lattice_configurations": [],
            "wait_for_steady_state": false
          },
          "sensitive_attributes": [],
          "identity_schema_version": 0,
          "private": "eyJlMmJmYjczMC1lY2FhLTExZTYtOGY4OC0zNDM2M2JjN2M0YzAiOnsiY3JlYXRlIjoxMjAwMDAwMDAwMDAwLCJkZWxldGUiOjEyMDAwMDAwMDAwMDAsInVwZGF0ZSI6MTIwMDAwMDAwMDAwMH0sInNjaGVtYV92ZXJzaW9uIjoiMSJ9",
          "dependencies": [
            "aws_cloudwatch_log_group.ecs",
            "aws_ecs_cluster.main",
            "aws_ecs_task_definition.app",
            "aws_iam_role.ecs_task",
            "aws_iam_role.ecs_task_execution",
            "aws_lb.main",
            "aws_lb_listener.http",
            "aws_lb_listener.https",
            "aws_lb_target_group.app",
            "aws_lb_target_group.frontend",
            "aws_s3_bucket.alb_logs",
            "aws_security_group.alb",
            "aws_security_group.ecs_tasks",
            "aws_subnet.private_app",
            "aws_subnet.public",
            "aws_vpc.cluster",
            "data.terraform_remote_state.foundation"
          ]
        }
      ]
    },
    {
      "mode": "managed",
      "type": "aws_ecs_task_definition",
      "name": "app",
      "provider": "provider[\"registry.terraform.io/hashicorp/aws\"]",
      "instances": [
        {
          "schema_version": 1,
          "attributes": {
            "arn": "arn:aws:ecs:ap-northeast-2:365827924759:task-definition/cdci-prd:2",
            "arn_without_revision": "arn:aws:ecs:ap-northeast-2:365827924759:task-definition/cdci-prd",
            "container_definitions": "[{\"environment\":[{\"name\":\"NODE_ENV\",\"value\":\"production\"},{\"name\":\"PORT\",\"value\":\"8080\"}],\"essential\":true,\"healthCheck\":{\"command\":[\"CMD-SHELL\",\"curl -f http://localhost:8080/health || exit 1\"],\"interval\":30,\"retries\":3,\"startPeriod\":60,\"timeout\":5},\"image\":\"365827924759.dkr.ecr.ap-northeast-2.amazonaws.com/codecaine-frontend:latest\",\"logConfiguration\":{\"logDriver\":\"awslogs\",\"options\":{\"awslogs-group\":\"/ecs/cdci-prd\",\"awslogs-region\":\"ap-northeast-2\",\"awslogs-stream-prefix\":\"ecs\"}},\"mountPoints\":[],\"name\":\"app\",\"portMappings\":[{\"containerPort\":8080,\"hostPort\":8080,\"protocol\":\"tcp\"}],\"systemControls\":[],\"volumesFrom\":[]}]",
            "cpu": "256",
            "enable_fault_injection": false,
            "ephemeral_storage": [],
            "execution_role_arn": "arn:aws:iam::365827924759:role/CDCI-PRD-ECS-TASK-EXECUTION-ROLE",
            "family": "cdci-prd",
            "id": "cdci-prd",
            "inference_accelerator": [],
            "ipc_mode": "",
            "memory": "512",
            "network_mode": "awsvpc",
            "pid_mode": "",
            "placement_constraints": [],
            "proxy_configuration": [],
            "requires_compatibilities": [
              "FARGATE"
            ],
            "revision": 2,
            "runtime_platform": [],
            "skip_destroy": false,
            "tags": {
              "Name": "CDCI-PRD-ECS-TASK-DEF"
            },
            "tags_all": {
              "Environment": "prd",
              "ManagedBy": "Terraform",
              "Module": "compute-cluster",
              "Name": "CDCI-PRD-ECS-TASK-DEF",
              "Project": "cdci"
            },
            "task_role_arn": "arn:aws:iam::365827924759:role/CDCI-PRD-ECS-TASK-ROLE",
            "track_latest": false,
            "volume": []
          },
          "sensitive_attributes": [],
          "identity_schema_version": 0,
          "private": "eyJzY2hlbWFfdmVyc2lvbiI6IjEifQ==",
          "dependencies": [
            "aws_cloudwatch_log_group.ecs",
            "aws_iam_role.ecs_task",
            "aws_iam_role.ecs_task_execution"
          ]
        }
      ]
    },
    {
      "mode": "managed",
      "type": "aws_eip",
      "name": "bastion",
      "provider": "provider[\"registry.terraform.io/hashicorp/aws\"]",
      "instances": [
        {
          "schema_version": 0,
          "attributes": {
            "address": null,
            "allocation_id": "eipalloc-0567b9141646757d1",
            "arn": "arn:aws:ec2:ap-northeast-2:365827924759:elastic-ip/eipalloc-0567b9141646757d1",
            "associate_with_private_ip": null,
            "association_id": "eipassoc-0a6cc5f09759a6cd6",
            "carrier_ip": "",
            "customer_owned_ip": "",
            "customer_owned_ipv4_pool": "",
            "domain": "vpc",
            "id": "eipalloc-0567b9141646757d1",
            "instance": "i-08c5b83f48eecb615",
            "ipam_pool_id": null,
            "network_border_group": "ap-northeast-2",
            "network_interface": "eni-0d6eb4070201a1866",
            "private_dns": "ip-10-0-1-79.ap-northeast-2.compute.internal",
            "private_ip": "10.0.1.79",
            "ptr_record": "",
            "public_dns": "ec2-3-37-131-132.ap-northeast-2.compute.amazonaws.com",
            "public_ip": "3.37.131.132",
            "public_ipv4_pool": "amazon",
            "tags": {
              "Name": "CDCI-PRD-BASTION-EIP"
            },
            "tags_all": {
              "Environment": "prd",
              "ManagedBy": "Terraform",
              "Module": "compute-cluster",
              "Name": "CDCI-PRD-BASTION-EIP",
              "Project": "cdci"
            },
            "timeouts": null,
            "vpc": true
          },
          "sensitive_attributes": [],
          "identity_schema_version": 0,
          "private": "eyJlMmJmYjczMC1lY2FhLTExZTYtOGY4OC0zNDM2M2JjN2M0YzAiOnsiZGVsZXRlIjoxODAwMDAwMDAwMDAsInJlYWQiOjkwMDAwMDAwMDAwMCwidXBkYXRlIjozMDAwMDAwMDAwMDB9fQ==",
          "dependencies": [
            "aws_iam_instance_profile.bastion",
            "aws_iam_role.bastion",
            "aws_instance.bastion",
            "aws_security_group.bastion",
            "aws_subnet.public",
            "aws_vpc.cluster",
            "data.aws_ami.amazon_linux_2023",
            "data.terraform_remote_state.foundation"
          ]
        }
      ]
    },
    {
      "mode": "managed",
      "type": "aws_eip",
      "name": "nat",
      "provider": "provider[\"registry.terraform.io/hashicorp/aws\"]",
      "instances": []
    },
    {
      "mode": "managed",
      "type": "aws_iam_instance_profile",
      "name": "bastion",
      "provider": "provider[\"registry.terraform.io/hashicorp/aws\"]",
      "instances": [
        {
          "schema_version": 0,
          "attributes": {
            "arn": "arn:aws:iam::365827924759:instance-profile/CDCI-PRD-BASTION-PROFILE",
            "create_date": "2026-03-10T08:32:40Z",
            "id": "CDCI-PRD-BASTION-PROFILE",
            "name": "CDCI-PRD-BASTION-PROFILE",
            "name_prefix": "",
            "path": "/",
            "role": "CDCI-PRD-BASTION-ROLE",
            "tags": {},
            "tags_all": {
              "Environment": "prd",
              "ManagedBy": "Terraform",
              "Module": "compute-cluster",
              "Project": "cdci"
            },
            "unique_id": "AIPAVKLILEMLZVUO4RGE6"
          },
          "sensitive_attributes": [],
          "identity_schema_version": 0,
          "private": "bnVsbA==",
          "dependencies": [
            "aws_iam_role.bastion"
          ]
        }
      ]
    },
    {
      "mode": "managed",
      "type": "aws_iam_role",
      "name": "bastion",
      "provider": "provider[\"registry.terraform.io/hashicorp/aws\"]",
      "instances": [
        {
          "schema_version": 0,
          "attributes": {
            "arn": "arn:aws:iam::365827924759:role/CDCI-PRD-BASTION-ROLE",
            "assume_role_policy": "{\"Statement\":[{\"Action\":\"sts:AssumeRole\",\"Effect\":\"Allow\",\"Principal\":{\"Service\":\"ec2.amazonaws.com\"}}],\"Version\":\"2012-10-17\"}",
            "create_date": "2026-03-10T08:32:39Z",
            "description": "",
            "force_detach_policies": false,
            "id": "CDCI-PRD-BASTION-ROLE",
            "inline_policy": [],
            "managed_policy_arns": [
              "arn:aws:iam::aws:policy/AmazonSSMManagedInstanceCore"
            ],
            "max_session_duration": 3600,
            "name": "CDCI-PRD-BASTION-ROLE",
            "name_prefix": "",
            "path": "/",
            "permissions_boundary": "",
            "tags": {
              "Name": "CDCI-PRD-BASTION-ROLE"
            },
            "tags_all": {
              "Environment": "prd",
              "ManagedBy": "Terraform",
              "Module": "compute-cluster",
              "Name": "CDCI-PRD-BASTION-ROLE",
              "Project": "cdci"
            },
            "unique_id": "AROAVKLILEML747JU5MLN"
          },
          "sensitive_attributes": [],
          "identity_schema_version": 0,
          "private": "bnVsbA=="
        }
      ]
    },
    {
      "mode": "managed",
      "type": "aws_iam_role",
      "name": "ecs_task",
      "provider": "provider[\"registry.terraform.io/hashicorp/aws\"]",
      "instances": [
        {
          "schema_version": 0,
          "attributes": {
            "arn": "arn:aws:iam::365827924759:role/CDCI-PRD-ECS-TASK-ROLE",
            "assume_role_policy": "{\"Statement\":[{\"Action\":\"sts:AssumeRole\",\"Effect\":\"Allow\",\"Principal\":{\"Service\":\"ecs-tasks.amazonaws.com\"}}],\"Version\":\"2012-10-17\"}",
            "create_date": "2026-03-10T08:32:39Z",
            "description": "",
            "force_detach_policies": false,
            "id": "CDCI-PRD-ECS-TASK-ROLE",
            "inline_policy": [],
            "managed_policy_arns": [],
            "max_session_duration": 3600,
            "name": "CDCI-PRD-ECS-TASK-ROLE",
            "name_prefix": "",
            "path": "/",
            "permissions_boundary": "",
            "tags": {
              "Name": "CDCI-PRD-ECS-TASK-ROLE"
            },
            "tags_all": {
              "Environment": "prd",
              "ManagedBy": "Terraform",
              "Module": "compute-cluster",
              "Name": "CDCI-PRD-ECS-TASK-ROLE",
              "Project": "cdci"
            },
            "unique_id": "AROAVKLILEMLWGCXNMCP3"
          },
          "sensitive_attributes": [],
          "identity_schema_version": 0,
          "private": "bnVsbA=="
        }
      ]
    },
    {
      "mode": "managed",
      "type": "aws_iam_role",
      "name": "ecs_task_execution",
      "provider": "provider[\"registry.terraform.io/hashicorp/aws\"]",
      "instances": [
        {
          "schema_version": 0,
          "attributes": {
            "arn": "arn:aws:iam::365827924759:role/CDCI-PRD-ECS-TASK-EXECUTION-ROLE",
            "assume_role_policy": "{\"Statement\":[{\"Action\":\"sts:AssumeRole\",\"Effect\":\"Allow\",\"Principal\":{\"Service\":\"ecs-tasks.amazonaws.com\"}}],\"Version\":\"2012-10-17\"}",
            "create_date": "2026-03-10T08:32:39Z",
            "description": "",
            "force_detach_policies": false,
            "id": "CDCI-PRD-ECS-TASK-EXECUTION-ROLE",
            "inline_policy": [],
            "managed_policy_arns": [
              "arn:aws:iam::aws:policy/service-role/AmazonECSTaskExecutionRolePolicy"
            ],
            "max_session_duration": 3600,
            "name": "CDCI-PRD-ECS-TASK-EXECUTION-ROLE",
            "name_prefix": "",
            "path": "/",
            "permissions_boundary": "",
            "tags": {
              "Name": "CDCI-PRD-ECS-TASK-EXECUTION-ROLE"
            },
            "tags_all": {
              "Environment": "prd",
              "ManagedBy": "Terraform",
              "Module": "compute-cluster",
              "Name": "CDCI-PRD-ECS-TASK-EXECUTION-ROLE",
              "Project": "cdci"
            },
            "unique_id": "AROAVKLILEML5VYTOKOCA"
          },
          "sensitive_attributes": [],
          "identity_schema_version": 0,
          "private": "bnVsbA=="
        }
      ]
    },
    {
      "mode": "managed",
      "type": "aws_iam_role_policy_attachment",
      "name": "bastion_ssm",
      "provider": "provider[\"registry.terraform.io/hashicorp/aws\"]",
      "instances": [
        {
          "schema_version": 0,
          "attributes": {
            "id": "CDCI-PRD-BASTION-ROLE-20260310083241269300000003",
            "policy_arn": "arn:aws:iam::aws:policy/AmazonSSMManagedInstanceCore",
            "role": "CDCI-PRD-BASTION-ROLE"
          },
          "sensitive_attributes": [],
          "identity_schema_version": 0,
          "private": "bnVsbA==",
          "dependencies": [
            "aws_iam_role.bastion"
          ]
        }
      ]
    },
    {
      "mode": "managed",
      "type": "aws_iam_role_policy_attachment",
      "name": "ecs_task_execution",
      "provider": "provider[\"registry.terraform.io/hashicorp/aws\"]",
      "instances": [
        {
          "schema_version": 0,
          "attributes": {
            "id": "CDCI-PRD-ECS-TASK-EXECUTION-ROLE-20260310083241022000000002",
            "policy_arn": "arn:aws:iam::aws:policy/service-role/AmazonECSTaskExecutionRolePolicy",
            "role": "CDCI-PRD-ECS-TASK-EXECUTION-ROLE"
          },
          "sensitive_attributes": [],
          "identity_schema_version": 0,
          "private": "bnVsbA==",
          "dependencies": [
            "aws_iam_role.ecs_task_execution"
          ]
        }
      ]
    },
    {
      "mode": "managed",
      "type": "aws_instance",
      "name": "bastion",
      "provider": "provider[\"registry.terraform.io/hashicorp/aws\"]",
      "instances": [
        {
          "schema_version": 1,
          "attributes": {
            "ami": "ami-00d2265ac70838f15",
            "arn": "arn:aws:ec2:ap-northeast-2:365827924759:instance/i-08c5b83f48eecb615",
            "associate_public_ip_address": true,
            "availability_zone": "ap-northeast-2a",
            "capacity_reservation_specification": [
              {
                "capacity_reservation_preference": "open",
                "capacity_reservation_target": []
              }
            ],
            "cpu_core_count": 1,
            "cpu_options": [
              {
                "amd_sev_snp": "",
                "core_count": 1,
                "threads_per_core": 2
              }
            ],
            "cpu_threads_per_core": 2,
            "credit_specification": [
              {
                "cpu_credits": "unlimited"
              }
            ],
            "disable_api_stop": false,
            "disable_api_termination": false,
            "ebs_block_device": [],
            "ebs_optimized": false,
            "enable_primary_ipv6": null,
            "enclave_options": [
              {
                "enabled": false
              }
            ],
            "ephemeral_block_device": [],
            "get_password_data": false,
            "hibernation": false,
            "host_id": "",
            "host_resource_group_arn": null,
            "iam_instance_profile": "CDCI-PRD-BASTION-PROFILE",
            "id": "i-08c5b83f48eecb615",
            "instance_initiated_shutdown_behavior": "stop",
            "instance_lifecycle": "",
            "instance_market_options": [],
            "instance_state": "running",
            "instance_type": "t3.micro",
            "ipv6_address_count": 0,
            "ipv6_addresses": [],
            "key_name": "codecaine",
            "launch_template": [],
            "maintenance_options": [
              {
                "auto_recovery": "default"
              }
            ],
            "metadata_options": [
              {
                "http_endpoint": "enabled",
                "http_protocol_ipv6": "disabled",
                "http_put_response_hop_limit": 1,
                "http_tokens": "required",
                "instance_metadata_tags": "disabled"
              }
            ],
            "monitoring": false,
            "network_interface": [],
            "outpost_arn": "",
            "password_data": "",
            "placement_group": "",
            "placement_partition_number": 0,
            "primary_network_interface_id": "eni-0d6eb4070201a1866",
            "private_dns": "ip-10-0-1-79.ap-northeast-2.compute.internal",
            "private_dns_name_options": [
              {
                "enable_resource_name_dns_a_record": false,
                "enable_resource_name_dns_aaaa_record": false,
                "hostname_type": "ip-name"
              }
            ],
            "private_ip": "10.0.1.79",
            "public_dns": "ec2-3-37-131-132.ap-northeast-2.compute.amazonaws.com",
            "public_ip": "3.37.131.132",
            "root_block_device": [
              {
                "delete_on_termination": true,
                "device_name": "/dev/xvda",
                "encrypted": true,
                "iops": 3000,
                "kms_key_id": "arn:aws:kms:ap-northeast-2:365827924759:key/8ea26891-1e0b-4fbd-8697-8ea3e6f2e11d",
                "tags": {},
                "tags_all": {
                  "Environment": "prd",
                  "ManagedBy": "Terraform",
                  "Module": "compute-cluster",
                  "Project": "cdci"
                },
                "throughput": 125,
                "volume_id": "vol-020fbcbbedd6f9cda",
                "volume_size": 20,
                "volume_type": "gp3"
              }
            ],
            "secondary_private_ips": [],
            "security_groups": [],
            "source_dest_check": true,
            "spot_instance_request_id": "",
            "subnet_id": "subnet-052cecfdbd1d30bdd",
            "tags": {
              "Name": "CDCI-PRD-BASTION"
            },
            "tags_all": {
              "Environment": "prd",
              "ManagedBy": "Terraform",
              "Module": "compute-cluster",
              "Name": "CDCI-PRD-BASTION",
              "Project": "cdci"
            },
            "tenancy": "default",
            "timeouts": null,
            "user_data": "a9ff95bf9897d2a6cff1b856dcdf72304eabdc11",
            "user_data_base64": null,
            "user_data_replace_on_change": false,
            "volume_tags": null,
            "vpc_security_group_ids": [
              "sg-0f8a2cd9753c2ab2f"
            ]
          },
          "sensitive_attributes": [],
          "identity_schema_version": 0,
          "private": "eyJlMmJmYjczMC1lY2FhLTExZTYtOGY4OC0zNDM2M2JjN2M0YzAiOnsiY3JlYXRlIjo2MDAwMDAwMDAwMDAsImRlbGV0ZSI6MTIwMDAwMDAwMDAwMCwicmVhZCI6OTAwMDAwMDAwMDAwLCJ1cGRhdGUiOjYwMDAwMDAwMDAwMH0sInNjaGVtYV92ZXJzaW9uIjoiMSJ9",
          "dependencies": [
            "aws_iam_instance_profile.bastion",
            "aws_iam_role.bastion",
            "aws_security_group.bastion",
            "aws_subnet.public",
            "aws_vpc.cluster",
            "data.aws_ami.amazon_linux_2023",
            "data.terraform_remote_state.foundation"
          ]
        }
      ]
    },
    {
      "mode": "managed",
      "type": "aws_internet_gateway",
      "name": "cluster",
      "provider": "provider[\"registry.terraform.io/hashicorp/aws\"]",
      "instances": []
    },
    {
      "mode": "managed",
      "type": "aws_lb",
      "name": "main",
      "provider": "provider[\"registry.terraform.io/hashicorp/aws\"]",
      "instances": [
        {
          "schema_version": 0,
          "attributes": {
            "access_logs": [
              {
                "bucket": "cdci-prd-alb-logs",
                "enabled": true,
                "prefix": ""
              }
            ],
            "arn": "arn:aws:elasticloadbalancing:ap-northeast-2:365827924759:loadbalancer/app/cdci-prd-alb/e608329d221edeed",
            "arn_suffix": "app/cdci-prd-alb/e608329d221edeed",
            "client_keep_alive": 3600,
            "connection_logs": [
              {
                "bucket": "",
                "enabled": false,
                "prefix": ""
              }
            ],
            "customer_owned_ipv4_pool": "",
            "desync_mitigation_mode": "defensive",
            "dns_name": "cdci-prd-alb-764706690.ap-northeast-2.elb.amazonaws.com",
            "dns_record_client_routing_policy": null,
            "drop_invalid_header_fields": false,
            "enable_cross_zone_load_balancing": true,
            "enable_deletion_protection": true,
            "enable_http2": true,
            "enable_tls_version_and_cipher_suite_headers": false,
            "enable_waf_fail_open": false,
            "enable_xff_client_port": false,
            "enable_zonal_shift": false,
            "enforce_security_group_inbound_rules_on_private_link_traffic": "",
            "id": "arn:aws:elasticloadbalancing:ap-northeast-2:365827924759:loadbalancer/app/cdci-prd-alb/e608329d221edeed",
            "idle_timeout": 60,
            "internal": false,
            "ip_address_type": "ipv4",
            "ipam_pools": [],
            "load_balancer_type": "application",
            "minimum_load_balancer_capacity": [],
            "name": "cdci-prd-alb",
            "name_prefix": "",
            "preserve_host_header": false,
            "security_groups": [
              "sg-065b3924d712acad1"
            ],
            "subnet_mapping": [
              {
                "allocation_id": "",
                "ipv6_address": "",
                "outpost_id": "",
                "private_ipv4_address": "",
                "subnet_id": "subnet-052cecfdbd1d30bdd"
              },
              {
                "allocation_id": "",
                "ipv6_address": "",
                "outpost_id": "",
                "private_ipv4_address": "",
                "subnet_id": "subnet-0c5b89151f216582c"
              }
            ],
            "subnets": [
              "subnet-052cecfdbd1d30bdd",
              "subnet-0c5b89151f216582c"
            ],
            "tags": {
              "Name": "CDCI-PRD-ALB"
            },
            "tags_all": {
              "Environment": "prd",
              "ManagedBy": "Terraform",
              "Module": "compute-cluster",
              "Name": "CDCI-PRD-ALB",
              "Project": "cdci"
            },
            "timeouts": null,
            "vpc_id": "vpc-08a241410715386e1",
            "xff_header_processing_mode": "append",
            "zone_id": "ZWKZPGTI48KDX"
          },
          "sensitive_attributes": [],
          "identity_schema_version": 0,
          "private": "eyJlMmJmYjczMC1lY2FhLTExZTYtOGY4OC0zNDM2M2JjN2M0YzAiOnsiY3JlYXRlIjo2MDAwMDAwMDAwMDAsImRlbGV0ZSI6NjAwMDAwMDAwMDAwLCJ1cGRhdGUiOjYwMDAwMDAwMDAwMH19",
          "dependencies": [
            "aws_s3_bucket.alb_logs",
            "aws_security_group.alb",
            "aws_subnet.public",
            "aws_vpc.cluster",
            "data.terraform_remote_state.foundation"
          ]
        }
      ]
    },
    {
      "mode": "managed",
      "type": "aws_lb_listener",
      "name": "http",
      "provider": "provider[\"registry.terraform.io/hashicorp/aws\"]",
      "instances": [
        {
          "schema_version": 0,
          "attributes": {
            "alpn_policy": null,
            "arn": "arn:aws:elasticloadbalancing:ap-northeast-2:365827924759:listener/app/cdci-prd-alb/e608329d221edeed/13a62ced2e218515",
            "certificate_arn": null,
            "default_action": [
              {
                "authenticate_cognito": [],
                "authenticate_oidc": [],
                "fixed_response": [],
                "forward": [],
                "order": 1,
                "redirect": [],
                "target_group_arn": "arn:aws:elasticloadbalancing:ap-northeast-2:365827924759:targetgroup/cdci-prd-tg/b6f66831260e6c4e",
                "type": "forward"
              }
            ],
            "id": "arn:aws:elasticloadbalancing:ap-northeast-2:365827924759:listener/app/cdci-prd-alb/e608329d221edeed/13a62ced2e218515",
            "load_balancer_arn": "arn:aws:elasticloadbalancing:ap-northeast-2:365827924759:loadbalancer/app/cdci-prd-alb/e608329d221edeed",
            "mutual_authentication": [],
            "port": 80,
            "protocol": "HTTP",
            "routing_http_request_x_amzn_mtls_clientcert_header_name": null,
            "routing_http_request_x_amzn_mtls_clientcert_issuer_header_name": null,
            "routing_http_request_x_amzn_mtls_clientcert_leaf_header_name": null,
            "routing_http_request_x_amzn_mtls_clientcert_serial_number_header_name": null,
            "routing_http_request_x_amzn_mtls_clientcert_subject_header_name": null,
            "routing_http_request_x_amzn_mtls_clientcert_validity_header_name": null,
            "routing_http_request_x_amzn_tls_cipher_suite_header_name": null,
            "routing_http_request_x_amzn_tls_version_header_name": null,
            "routing_http_response_access_control_allow_credentials_header_value": "",
            "routing_http_response_access_control_allow_headers_header_value": "",
            "routing_http_response_access_control_allow_methods_header_value": "",
            "routing_http_response_access_control_allow_origin_header_value": "",
            "routing_http_response_access_control_expose_headers_header_value": "",
            "routing_http_response_access_control_max_age_header_value": "",
            "routing_http_response_content_security_policy_header_value": "",
            "routing_http_response_server_enabled": true,
            "routing_http_response_strict_transport_security_header_value": "",
            "routing_http_response_x_content_type_options_header_value": "",
            "routing_http_response_x_frame_options_header_value": "",
            "ssl_policy": "",
            "tags": {},
            "tags_all": {
              "Environment": "prd",
              "ManagedBy": "Terraform",
              "Module": "compute-cluster",
              "Project": "cdci"
            },
            "tcp_idle_timeout_seconds": null,
            "timeouts": null
          },
          "sensitive_attributes": [],
          "identity_schema_version": 0,
          "private": "eyJlMmJmYjczMC1lY2FhLTExZTYtOGY4OC0zNDM2M2JjN2M0YzAiOnsiY3JlYXRlIjozMDAwMDAwMDAwMDAsInVwZGF0ZSI6MzAwMDAwMDAwMDAwfX0=",
          "dependencies": [
            "aws_lb.main",
            "aws_lb_target_group.app",
            "aws_s3_bucket.alb_logs",
            "aws_security_group.alb",
            "aws_subnet.public",
            "aws_vpc.cluster",
            "data.terraform_remote_state.foundation"
          ]
        }
      ]
    },
    {
      "mode": "managed",
      "type": "aws_lb_listener",
      "name": "https",
      "provider": "provider[\"registry.terraform.io/hashicorp/aws\"]",
      "instances": [
        {
          "schema_version": 0,
          "attributes": {
            "alpn_policy": null,
            "arn": "arn:aws:elasticloadbalancing:ap-northeast-2:365827924759:listener/app/cdci-prd-alb/e608329d221edeed/cf1d4a2a3dab6f82",
            "certificate_arn": "arn:aws:acm:ap-northeast-2:365827924759:certificate/3a49a205-d9b8-414a-9292-4c79002d6794",
            "default_action": [
              {
                "authenticate_cognito": [],
                "authenticate_oidc": [],
                "fixed_response": [],
                "forward": [],
                "order": 1,
                "redirect": [],
                "target_group_arn": "arn:aws:elasticloadbalancing:ap-northeast-2:365827924759:targetgroup/cdci-prd-frontend-tg/67b0b13912b2a8f3",
                "type": "forward"
              }
            ],
            "id": "arn:aws:elasticloadbalancing:ap-northeast-2:365827924759:listener/app/cdci-prd-alb/e608329d221edeed/cf1d4a2a3dab6f82",
            "load_balancer_arn": "arn:aws:elasticloadbalancing:ap-northeast-2:365827924759:loadbalancer/app/cdci-prd-alb/e608329d221edeed",
            "mutual_authentication": [
              {
                "advertise_trust_store_ca_names": "",
                "ignore_client_certificate_expiry": false,
                "mode": "off",
                "trust_store_arn": ""
              }
            ],
            "port": 443,
            "protocol": "HTTPS",
            "routing_http_request_x_amzn_mtls_clientcert_header_name": "",
            "routing_http_request_x_amzn_mtls_clientcert_issuer_header_name": "",
            "routing_http_request_x_amzn_mtls_clientcert_leaf_header_name": "",
            "routing_http_request_x_amzn_mtls_clientcert_serial_number_header_name": "",
            "routing_http_request_x_amzn_mtls_clientcert_subject_header_name": "",
            "routing_http_request_x_amzn_mtls_clientcert_validity_header_name": "",
            "routing_http_request_x_amzn_tls_cipher_suite_header_name": "",
            "routing_http_request_x_amzn_tls_version_header_name": "",
            "routing_http_response_access_control_allow_credentials_header_value": "",
            "routing_http_response_access_control_allow_headers_header_value": "",
            "routing_http_response_access_control_allow_methods_header_value": "",
            "routing_http_response_access_control_allow_origin_header_value": "",
            "routing_http_response_access_control_expose_headers_header_value": "",
            "routing_http_response_access_control_max_age_header_value": "",
            "routing_http_response_content_security_policy_header_value": "",
            "routing_http_response_server_enabled": true,
            "routing_http_response_strict_transport_security_header_value": "",
            "routing_http_response_x_content_type_options_header_value": "",
            "routing_http_response_x_frame_options_header_value": "",
            "ssl_policy": "ELBSecurityPolicy-TLS13-1-2-2021-06",
            "tags": null,
            "tags_all": {
              "Environment": "prd",
              "ManagedBy": "Terraform",
              "Module": "compute-cluster",
              "Project": "cdci"
            },
            "tcp_idle_timeout_seconds": null,
            "timeouts": null
          },
          "sensitive_attributes": [],
          "identity_schema_version": 0,
          "private": "eyJlMmJmYjczMC1lY2FhLTExZTYtOGY4OC0zNDM2M2JjN2M0YzAiOnsiY3JlYXRlIjozMDAwMDAwMDAwMDAsInVwZGF0ZSI6MzAwMDAwMDAwMDAwfX0=",
          "dependencies": [
            "aws_lb.main",
            "aws_lb_target_group.frontend",
            "aws_s3_bucket.alb_logs",
            "aws_security_group.alb",
            "aws_subnet.public",
            "aws_vpc.cluster",
            "data.terraform_remote_state.foundation"
          ]
        }
      ]
    },
    {
      "mode": "managed",
      "type": "aws_lb_listener_rule",
      "name": "analysis",
      "provider": "provider[\"registry.terraform.io/hashicorp/aws\"]",
      "instances": [
        {
          "schema_version": 0,
          "attributes": {
            "action": [
              {
                "authenticate_cognito": [],
                "authenticate_oidc": [],
                "fixed_response": [],
                "forward": [],
                "order": 1,
                "redirect": [],
                "target_group_arn": "arn:aws:elasticloadbalancing:ap-northeast-2:365827924759:targetgroup/cdci-prd-analysis-tg/7c1c201b57e37246",
                "type": "forward"
              }
            ],
            "arn": "arn:aws:elasticloadbalancing:ap-northeast-2:365827924759:listener-rule/app/cdci-prd-alb/e608329d221edeed/cf1d4a2a3dab6f82/c88d9348b883d447",
            "condition": [
              {
                "host_header": [],
                "http_header": [],
                "http_request_method": [],
                "path_pattern": [
                  {
                    "values": [
                      "/analysis",
                      "/analysis/*"
                    ]
                  }
                ],
                "query_string": [],
                "source_ip": []
              }
            ],
            "id": "arn:aws:elasticloadbalancing:ap-northeast-2:365827924759:listener-rule/app/cdci-prd-alb/e608329d221edeed/cf1d4a2a3dab6f82/c88d9348b883d447",
            "listener_arn": "arn:aws:elasticloadbalancing:ap-northeast-2:365827924759:listener/app/cdci-prd-alb/e608329d221edeed/cf1d4a2a3dab6f82",
            "priority": 300,
            "tags": null,
            "tags_all": {
              "Environment": "prd",
              "ManagedBy": "Terraform",
              "Module": "compute-cluster",
              "Project": "cdci"
            }
          },
          "sensitive_attributes": [],
          "identity_schema_version": 0,
          "private": "bnVsbA==",
          "dependencies": [
            "aws_lb.main",
            "aws_lb_listener.https",
            "aws_lb_target_group.analysis",
            "aws_lb_target_group.frontend",
            "aws_s3_bucket.alb_logs",
            "aws_security_group.alb",
            "aws_subnet.public",
            "aws_vpc.cluster",
            "data.terraform_remote_state.foundation"
          ]
        }
      ]
    },
    {
      "mode": "managed",
      "type": "aws_lb_listener_rule",
      "name": "chatbot",
      "provider": "provider[\"registry.terraform.io/hashicorp/aws\"]",
      "instances": [
        {
          "schema_version": 0,
          "attributes": {
            "action": [
              {
                "authenticate_cognito": [],
                "authenticate_oidc": [],
                "fixed_response": [],
                "forward": [],
                "order": 1,
                "redirect": [],
                "target_group_arn": "arn:aws:elasticloadbalancing:ap-northeast-2:365827924759:targetgroup/cdci-prd-chatbot-tg/2695e80976509f0a",
                "type": "forward"
              }
            ],
            "arn": "arn:aws:elasticloadbalancing:ap-northeast-2:365827924759:listener-rule/app/cdci-prd-alb/e608329d221edeed/cf1d4a2a3dab6f82/a6eb4c8a54d48f80",
            "condition": [
              {
                "host_header": [],
                "http_header": [],
                "http_request_method": [],
                "path_pattern": [
                  {
                    "values": [
                      "/chatbot",
                      "/chatbot/*"
                    ]
                  }
                ],
                "query_string": [],
                "source_ip": []
              }
            ],
            "id": "arn:aws:elasticloadbalancing:ap-northeast-2:365827924759:listener-rule/app/cdci-prd-alb/e608329d221edeed/cf1d4a2a3dab6f82/a6eb4c8a54d48f80",
            "listener_arn": "arn:aws:elasticloadbalancing:ap-northeast-2:365827924759:listener/app/cdci-prd-alb/e608329d221edeed/cf1d4a2a3dab6f82",
            "priority": 400,
            "tags": null,
            "tags_all": {
              "Environment": "prd",
              "ManagedBy": "Terraform",
              "Module": "compute-cluster",
              "Project": "cdci"
            }
          },
          "sensitive_attributes": [],
          "identity_schema_version": 0,
          "private": "bnVsbA==",
          "dependencies": [
            "aws_lb.main",
            "aws_lb_listener.https",
            "aws_lb_target_group.chatbot",
            "aws_lb_target_group.frontend",
            "aws_s3_bucket.alb_logs",
            "aws_security_group.alb",
            "aws_subnet.public",
            "aws_vpc.cluster",
            "data.terraform_remote_state.foundation"
          ]
        }
      ]
    },
    {
      "mode": "managed",
      "type": "aws_lb_listener_rule",
      "name": "history",
      "provider": "provider[\"registry.terraform.io/hashicorp/aws\"]",
      "instances": [
        {
          "schema_version": 0,
          "attributes": {
            "action": [
              {
                "authenticate_cognito": [],
                "authenticate_oidc": [],
                "fixed_response": [],
                "forward": [],
                "order": 1,
                "redirect": [],
                "target_group_arn": "arn:aws:elasticloadbalancing:ap-northeast-2:365827924759:targetgroup/cdci-prd-history-tg/fc0af3d025edc4da",
                "type": "forward"
              }
            ],
            "arn": "arn:aws:elasticloadbalancing:ap-northeast-2:365827924759:listener-rule/app/cdci-prd-alb/e608329d221edeed/cf1d4a2a3dab6f82/f59682eef7995d5f",
            "condition": [
              {
                "host_header": [],
                "http_header": [],
                "http_request_method": [],
                "path_pattern": [
                  {
                    "values": [
                      "/history",
                      "/history/*"
                    ]
                  }
                ],
                "query_string": [],
                "source_ip": []
              }
            ],
            "id": "arn:aws:elasticloadbalancing:ap-northeast-2:365827924759:listener-rule/app/cdci-prd-alb/e608329d221edeed/cf1d4a2a3dab6f82/f59682eef7995d5f",
            "listener_arn": "arn:aws:elasticloadbalancing:ap-northeast-2:365827924759:listener/app/cdci-prd-alb/e608329d221edeed/cf1d4a2a3dab6f82",
            "priority": 100,
            "tags": null,
            "tags_all": {
              "Environment": "prd",
              "ManagedBy": "Terraform",
              "Module": "compute-cluster",
              "Project": "cdci"
            }
          },
          "sensitive_attributes": [],
          "identity_schema_version": 0,
          "private": "bnVsbA==",
          "dependencies": [
            "aws_lb.main",
            "aws_lb_listener.https",
            "aws_lb_target_group.frontend",
            "aws_lb_target_group.history",
            "aws_s3_bucket.alb_logs",
            "aws_security_group.alb",
            "aws_subnet.public",
            "aws_vpc.cluster",
            "data.terraform_remote_state.foundation"
          ]
        }
      ]
    },
    {
      "mode": "managed",
      "type": "aws_lb_listener_rule",
      "name": "mypage",
      "provider": "provider[\"registry.terraform.io/hashicorp/aws\"]",
      "instances": [
        {
          "schema_version": 0,
          "attributes": {
            "action": [
              {
                "authenticate_cognito": [],
                "authenticate_oidc": [],
                "fixed_response": [],
                "forward": [],
                "order": 1,
                "redirect": [],
                "target_group_arn": "arn:aws:elasticloadbalancing:ap-northeast-2:365827924759:targetgroup/cdci-prd-mypage-tg/49e1560d719b10dc",
                "type": "forward"
              }
            ],
            "arn": "arn:aws:elasticloadbalancing:ap-northeast-2:365827924759:listener-rule/app/cdci-prd-alb/e608329d221edeed/cf1d4a2a3dab6f82/051d2d66e05e1e10",
            "condition": [
              {
                "host_header": [],
                "http_header": [],
                "http_request_method": [],
                "path_pattern": [
                  {
                    "values": [
                      "/mypage",
                      "/mypage/*"
                    ]
                  }
                ],
                "query_string": [],
                "source_ip": []
              }
            ],
            "id": "arn:aws:elasticloadbalancing:ap-northeast-2:365827924759:listener-rule/app/cdci-prd-alb/e608329d221edeed/cf1d4a2a3dab6f82/051d2d66e05e1e10",
            "listener_arn": "arn:aws:elasticloadbalancing:ap-northeast-2:365827924759:listener/app/cdci-prd-alb/e608329d221edeed/cf1d4a2a3dab6f82",
            "priority": 200,
            "tags": null,
            "tags_all": {
              "Environment": "prd",
              "ManagedBy": "Terraform",
              "Module": "compute-cluster",
              "Project": "cdci"
            }
          },
          "sensitive_attributes": [],
          "identity_schema_version": 0,
          "private": "bnVsbA==",
          "dependencies": [
            "aws_lb.main",
            "aws_lb_listener.https",
            "aws_lb_target_group.frontend",
            "aws_lb_target_group.mypage",
            "aws_s3_bucket.alb_logs",
            "aws_security_group.alb",
            "aws_subnet.public",
            "aws_vpc.cluster",
            "data.terraform_remote_state.foundation"
          ]
        }
      ]
    },
    {
      "mode": "managed",
      "type": "aws_lb_target_group",
      "name": "analysis",
      "provider": "provider[\"registry.terraform.io/hashicorp/aws\"]",
      "instances": [
        {
          "schema_version": 0,
          "attributes": {
            "arn": "arn:aws:elasticloadbalancing:ap-northeast-2:365827924759:targetgroup/cdci-prd-analysis-tg/7c1c201b57e37246",
            "arn_suffix": "targetgroup/cdci-prd-analysis-tg/7c1c201b57e37246",
            "connection_termination": null,
            "deregistration_delay": "30",
            "health_check": [
              {
                "enabled": true,
                "healthy_threshold": 2,
                "interval": 30,
                "matcher": "200",
                "path": "/health",
                "port": "traffic-port",
                "protocol": "HTTP",
                "timeout": 5,
                "unhealthy_threshold": 3
              }
            ],
            "id": "arn:aws:elasticloadbalancing:ap-northeast-2:365827924759:targetgroup/cdci-prd-analysis-tg/7c1c201b57e37246",
            "ip_address_type": "ipv4",
            "lambda_multi_value_headers_enabled": false,
            "load_balancer_arns": [],
            "load_balancing_algorithm_type": "round_robin",
            "load_balancing_anomaly_mitigation": "off",
            "load_balancing_cross_zone_enabled": "use_load_balancer_configuration",
            "name": "cdci-prd-analysis-tg",
            "name_prefix": "",
            "port": 8080,
            "preserve_client_ip": null,
            "protocol": "HTTP",
            "protocol_version": "HTTP1",
            "proxy_protocol_v2": false,
            "slow_start": 0,
            "stickiness": [
              {
                "cookie_duration": 86400,
                "cookie_name": "",
                "enabled": false,
                "type": "lb_cookie"
              }
            ],
            "tags": {
              "Name": "CDCI-PRD-ANALYSIS-TG",
              "Service": "analysis"
            },
            "tags_all": {
              "Environment": "prd",
              "ManagedBy": "Terraform",
              "Module": "compute-cluster",
              "Name": "CDCI-PRD-ANALYSIS-TG",
              "Project": "cdci",
              "Service": "analysis"
            },
            "target_failover": [
              {
                "on_deregistration": null,
                "on_unhealthy": null
              }
            ],
            "target_group_health": [
              {
                "dns_failover": [
                  {
                    "minimum_healthy_targets_count": "1",
                    "minimum_healthy_targets_percentage": "off"
                  }
                ],
                "unhealthy_state_routing": [
                  {
                    "minimum_healthy_targets_count": 1,
                    "minimum_healthy_targets_percentage": "off"
                  }
                ]
              }
            ],
            "target_health_state": [
              {
                "enable_unhealthy_connection_termination": null,
                "unhealthy_draining_interval": null
              }
            ],
            "target_type": "ip",
            "vpc_id": "vpc-08a241410715386e1"
          },
          "sensitive_attributes": [],
          "identity_schema_version": 0,
          "private": "bnVsbA==",
          "dependencies": [
            "aws_vpc.cluster",
            "data.terraform_remote_state.foundation"
          ]
        }
      ]
    },
    {
      "mode": "managed",
      "type": "aws_lb_target_group",
      "name": "app",
      "provider": "provider[\"registry.terraform.io/hashicorp/aws\"]",
      "instances": [
        {
          "schema_version": 0,
          "attributes": {
            "arn": "arn:aws:elasticloadbalancing:ap-northeast-2:365827924759:targetgroup/cdci-prd-tg/b6f66831260e6c4e",
            "arn_suffix": "targetgroup/cdci-prd-tg/b6f66831260e6c4e",
            "connection_termination": null,
            "deregistration_delay": "30",
            "health_check": [
              {
                "enabled": true,
                "healthy_threshold": 2,
                "interval": 30,
                "matcher": "200",
                "path": "/health",
                "port": "traffic-port",
                "protocol": "HTTP",
                "timeout": 5,
                "unhealthy_threshold": 3
              }
            ],
            "id": "arn:aws:elasticloadbalancing:ap-northeast-2:365827924759:targetgroup/cdci-prd-tg/b6f66831260e6c4e",
            "ip_address_type": "ipv4",
            "lambda_multi_value_headers_enabled": false,
            "load_balancer_arns": [
              "arn:aws:elasticloadbalancing:ap-northeast-2:365827924759:loadbalancer/app/cdci-prd-alb/e608329d221edeed"
            ],
            "load_balancing_algorithm_type": "round_robin",
            "load_balancing_anomaly_mitigation": "off",
            "load_balancing_cross_zone_enabled": "use_load_balancer_configuration",
            "name": "cdci-prd-tg",
            "name_prefix": "",
            "port": 8080,
            "preserve_client_ip": null,
            "protocol": "HTTP",
            "protocol_version": "HTTP1",
            "proxy_protocol_v2": false,
            "slow_start": 0,
            "stickiness": [
              {
                "cookie_duration": 86400,
                "cookie_name": "",
                "enabled": false,
                "type": "lb_cookie"
              }
            ],
            "tags": {
              "Name": "CDCI-PRD-TG"
            },
            "tags_all": {
              "Environment": "prd",
              "ManagedBy": "Terraform",
              "Module": "compute-cluster",
              "Name": "CDCI-PRD-TG",
              "Project": "cdci"
            },
            "target_failover": [
              {
                "on_deregistration": null,
                "on_unhealthy": null
              }
            ],
            "target_group_health": [
              {
                "dns_failover": [
                  {
                    "minimum_healthy_targets_count": "1",
                    "minimum_healthy_targets_percentage": "off"
                  }
                ],
                "unhealthy_state_routing": [
                  {
                    "minimum_healthy_targets_count": 1,
                    "minimum_healthy_targets_percentage": "off"
                  }
                ]
              }
            ],
            "target_health_state": [
              {
                "enable_unhealthy_connection_termination": null,
                "unhealthy_draining_interval": null
              }
            ],
            "target_type": "ip",
            "vpc_id": "vpc-08a241410715386e1"
          },
          "sensitive_attributes": [],
          "identity_schema_version": 0,
          "private": "bnVsbA==",
          "dependencies": [
            "aws_vpc.cluster",
            "data.terraform_remote_state.foundation"
          ]
        }
      ]
    },
    {
      "mode": "managed",
      "type": "aws_lb_target_group",
      "name": "chatbot",
      "provider": "provider[\"registry.terraform.io/hashicorp/aws\"]",
      "instances": [
        {
          "schema_version": 0,
          "attributes": {
            "arn": "arn:aws:elasticloadbalancing:ap-northeast-2:365827924759:targetgroup/cdci-prd-chatbot-tg/2695e80976509f0a",
            "arn_suffix": "targetgroup/cdci-prd-chatbot-tg/2695e80976509f0a",
            "connection_termination": null,
            "deregistration_delay": "30",
            "health_check": [
              {
                "enabled": true,
                "healthy_threshold": 2,
                "interval": 30,
                "matcher": "200",
                "path": "/health",
                "port": "traffic-port",
                "protocol": "HTTP",
                "timeout": 5,
                "unhealthy_threshold": 3
              }
            ],
            "id": "arn:aws:elasticloadbalancing:ap-northeast-2:365827924759:targetgroup/cdci-prd-chatbot-tg/2695e80976509f0a",
            "ip_address_type": "ipv4",
            "lambda_multi_value_headers_enabled": false,
            "load_balancer_arns": [],
            "load_balancing_algorithm_type": "round_robin",
            "load_balancing_anomaly_mitigation": "off",
            "load_balancing_cross_zone_enabled": "use_load_balancer_configuration",
            "name": "cdci-prd-chatbot-tg",
            "name_prefix": "",
            "port": 8080,
            "preserve_client_ip": null,
            "protocol": "HTTP",
            "protocol_version": "HTTP1",
            "proxy_protocol_v2": false,
            "slow_start": 0,
            "stickiness": [
              {
                "cookie_duration": 86400,
                "cookie_name": "",
                "enabled": false,
                "type": "lb_cookie"
              }
            ],
            "tags": {
              "Name": "CDCI-PRD-CHATBOT-TG",
              "Service": "chatbot"
            },
            "tags_all": {
              "Environment": "prd",
              "ManagedBy": "Terraform",
              "Module": "compute-cluster",
              "Name": "CDCI-PRD-CHATBOT-TG",
              "Project": "cdci",
              "Service": "chatbot"
            },
            "target_failover": [
              {
                "on_deregistration": null,
                "on_unhealthy": null
              }
            ],
            "target_group_health": [
              {
                "dns_failover": [
                  {
                    "minimum_healthy_targets_count": "1",
                    "minimum_healthy_targets_percentage": "off"
                  }
                ],
                "unhealthy_state_routing": [
                  {
                    "minimum_healthy_targets_count": 1,
                    "minimum_healthy_targets_percentage": "off"
                  }
                ]
              }
            ],
            "target_health_state": [
              {
                "enable_unhealthy_connection_termination": null,
                "unhealthy_draining_interval": null
              }
            ],
            "target_type": "ip",
            "vpc_id": "vpc-08a241410715386e1"
          },
          "sensitive_attributes": [],
          "identity_schema_version": 0,
          "private": "bnVsbA==",
          "dependencies": [
            "aws_vpc.cluster",
            "data.terraform_remote_state.foundation"
          ]
        }
      ]
    },
    {
      "mode": "managed",
      "type": "aws_lb_target_group",
      "name": "frontend",
      "provider": "provider[\"registry.terraform.io/hashicorp/aws\"]",
      "instances": [
        {
          "schema_version": 0,
          "attributes": {
            "arn": "arn:aws:elasticloadbalancing:ap-northeast-2:365827924759:targetgroup/cdci-prd-frontend-tg/67b0b13912b2a8f3",
            "arn_suffix": "targetgroup/cdci-prd-frontend-tg/67b0b13912b2a8f3",
            "connection_termination": null,
            "deregistration_delay": "30",
            "health_check": [
              {
                "enabled": true,
                "healthy_threshold": 2,
                "interval": 30,
                "matcher": "200",
                "path": "/health",
                "port": "traffic-port",
                "protocol": "HTTP",
                "timeout": 5,
                "unhealthy_threshold": 3
              }
            ],
            "id": "arn:aws:elasticloadbalancing:ap-northeast-2:365827924759:targetgroup/cdci-prd-frontend-tg/67b0b13912b2a8f3",
            "ip_address_type": "ipv4",
            "lambda_multi_value_headers_enabled": false,
            "load_balancer_arns": [],
            "load_balancing_algorithm_type": "round_robin",
            "load_balancing_anomaly_mitigation": "off",
            "load_balancing_cross_zone_enabled": "use_load_balancer_configuration",
            "name": "cdci-prd-frontend-tg",
            "name_prefix": "",
            "port": 3000,
            "preserve_client_ip": null,
            "protocol": "HTTP",
            "protocol_version": "HTTP1",
            "proxy_protocol_v2": false,
            "slow_start": 0,
            "stickiness": [
              {
                "cookie_duration": 86400,
                "cookie_name": "",
                "enabled": false,
                "type": "lb_cookie"
              }
            ],
            "tags": {
              "Name": "CDCI-PRD-FRONTEND-TG",
              "Service": "frontend"
            },
            "tags_all": {
              "Environment": "prd",
              "ManagedBy": "Terraform",
              "Module": "compute-cluster",
              "Name": "CDCI-PRD-FRONTEND-TG",
              "Project": "cdci",
              "Service": "frontend"
            },
            "target_failover": [
              {
                "on_deregistration": null,
                "on_unhealthy": null
              }
            ],
            "target_group_health": [
              {
                "dns_failover": [
                  {
                    "minimum_healthy_targets_count": "1",
                    "minimum_healthy_targets_percentage": "off"
                  }
                ],
                "unhealthy_state_routing": [
                  {
                    "minimum_healthy_targets_count": 1,
                    "minimum_healthy_targets_percentage": "off"
                  }
                ]
              }
            ],
            "target_health_state": [
              {
                "enable_unhealthy_connection_termination": null,
                "unhealthy_draining_interval": null
              }
            ],
            "target_type": "ip",
            "vpc_id": "vpc-08a241410715386e1"
          },
          "sensitive_attributes": [],
          "identity_schema_version": 0,
          "private": "bnVsbA==",
          "dependencies": [
            "aws_vpc.cluster",
            "data.terraform_remote_state.foundation"
          ]
        }
      ]
    },
    {
      "mode": "managed",
      "type": "aws_lb_target_group",
      "name": "history",
      "provider": "provider[\"registry.terraform.io/hashicorp/aws\"]",
      "instances": [
        {
          "schema_version": 0,
          "attributes": {
            "arn": "arn:aws:elasticloadbalancing:ap-northeast-2:365827924759:targetgroup/cdci-prd-history-tg/fc0af3d025edc4da",
            "arn_suffix": "targetgroup/cdci-prd-history-tg/fc0af3d025edc4da",
            "connection_termination": null,
            "deregistration_delay": "30",
            "health_check": [
              {
                "enabled": true,
                "healthy_threshold": 2,
                "interval": 30,
                "matcher": "200",
                "path": "/health",
                "port": "traffic-port",
                "protocol": "HTTP",
                "timeout": 5,
                "unhealthy_threshold": 3
              }
            ],
            "id": "arn:aws:elasticloadbalancing:ap-northeast-2:365827924759:targetgroup/cdci-prd-history-tg/fc0af3d025edc4da",
            "ip_address_type": "ipv4",
            "lambda_multi_value_headers_enabled": false,
            "load_balancer_arns": [],
            "load_balancing_algorithm_type": "round_robin",
            "load_balancing_anomaly_mitigation": "off",
            "load_balancing_cross_zone_enabled": "use_load_balancer_configuration",
            "name": "cdci-prd-history-tg",
            "name_prefix": "",
            "port": 8080,
            "preserve_client_ip": null,
            "protocol": "HTTP",
            "protocol_version": "HTTP1",
            "proxy_protocol_v2": false,
            "slow_start": 0,
            "stickiness": [
              {
                "cookie_duration": 86400,
                "cookie_name": "",
                "enabled": false,
                "type": "lb_cookie"
              }
            ],
            "tags": {
              "Name": "CDCI-PRD-HISTORY-TG",
              "Service": "history"
            },
            "tags_all": {
              "Environment": "prd",
              "ManagedBy": "Terraform",
              "Module": "compute-cluster",
              "Name": "CDCI-PRD-HISTORY-TG",
              "Project": "cdci",
              "Service": "history"
            },
            "target_failover": [
              {
                "on_deregistration": null,
                "on_unhealthy": null
              }
            ],
            "target_group_health": [
              {
                "dns_failover": [
                  {
                    "minimum_healthy_targets_count": "1",
                    "minimum_healthy_targets_percentage": "off"
                  }
                ],
                "unhealthy_state_routing": [
                  {
                    "minimum_healthy_targets_count": 1,
                    "minimum_healthy_targets_percentage": "off"
                  }
                ]
              }
            ],
            "target_health_state": [
              {
                "enable_unhealthy_connection_termination": null,
                "unhealthy_draining_interval": null
              }
            ],
            "target_type": "ip",
            "vpc_id": "vpc-08a241410715386e1"
          },
          "sensitive_attributes": [],
          "identity_schema_version": 0,
          "private": "bnVsbA==",
          "dependencies": [
            "aws_vpc.cluster",
            "data.terraform_remote_state.foundation"
          ]
        }
      ]
    },
    {
      "mode": "managed",
      "type": "aws_lb_target_group",
      "name": "mypage",
      "provider": "provider[\"registry.terraform.io/hashicorp/aws\"]",
      "instances": [
        {
          "schema_version": 0,
          "attributes": {
            "arn": "arn:aws:elasticloadbalancing:ap-northeast-2:365827924759:targetgroup/cdci-prd-mypage-tg/49e1560d719b10dc",
            "arn_suffix": "targetgroup/cdci-prd-mypage-tg/49e1560d719b10dc",
            "connection_termination": null,
            "deregistration_delay": "30",
            "health_check": [
              {
                "enabled": true,
                "healthy_threshold": 2,
                "interval": 30,
                "matcher": "200",
                "path": "/health",
                "port": "traffic-port",
                "protocol": "HTTP",
                "timeout": 5,
                "unhealthy_threshold": 3
              }
            ],
            "id": "arn:aws:elasticloadbalancing:ap-northeast-2:365827924759:targetgroup/cdci-prd-mypage-tg/49e1560d719b10dc",
            "ip_address_type": "ipv4",
            "lambda_multi_value_headers_enabled": false,
            "load_balancer_arns": [],
            "load_balancing_algorithm_type": "round_robin",
            "load_balancing_anomaly_mitigation": "off",
            "load_balancing_cross_zone_enabled": "use_load_balancer_configuration",
            "name": "cdci-prd-mypage-tg",
            "name_prefix": "",
            "port": 8080,
            "preserve_client_ip": null,
            "protocol": "HTTP",
            "protocol_version": "HTTP1",
            "proxy_protocol_v2": false,
            "slow_start": 0,
            "stickiness": [
              {
                "cookie_duration": 86400,
                "cookie_name": "",
                "enabled": false,
                "type": "lb_cookie"
              }
            ],
            "tags": {
              "Name": "CDCI-PRD-MYPAGE-TG",
              "Service": "mypage"
            },
            "tags_all": {
              "Environment": "prd",
              "ManagedBy": "Terraform",
              "Module": "compute-cluster",
              "Name": "CDCI-PRD-MYPAGE-TG",
              "Project": "cdci",
              "Service": "mypage"
            },
            "target_failover": [
              {
                "on_deregistration": null,
                "on_unhealthy": null
              }
            ],
            "target_group_health": [
              {
                "dns_failover": [
                  {
                    "minimum_healthy_targets_count": "1",
                    "minimum_healthy_targets_percentage": "off"
                  }
                ],
                "unhealthy_state_routing": [
                  {
                    "minimum_healthy_targets_count": 1,
                    "minimum_healthy_targets_percentage": "off"
                  }
                ]
              }
            ],
            "target_health_state": [
              {
                "enable_unhealthy_connection_termination": null,
                "unhealthy_draining_interval": null
              }
            ],
            "target_type": "ip",
            "vpc_id": "vpc-08a241410715386e1"
          },
          "sensitive_attributes": [],
          "identity_schema_version": 0,
          "private": "bnVsbA==",
          "dependencies": [
            "aws_vpc.cluster",
            "data.terraform_remote_state.foundation"
          ]
        }
      ]
    },
    {
      "mode": "managed",
      "type": "aws_nat_gateway",
      "name": "cluster",
      "provider": "provider[\"registry.terraform.io/hashicorp/aws\"]",
      "instances": []
    },
    {
      "mode": "managed",
      "type": "aws_route",
      "name": "private_nat",
      "provider": "provider[\"registry.terraform.io/hashicorp/aws\"]",
      "instances": []
    },
    {
      "mode": "managed",
      "type": "aws_route53_record",
      "name": "alb",
      "provider": "provider[\"registry.terraform.io/hashicorp/aws\"]",
      "instances": [
        {
          "schema_version": 2,
          "attributes": {
            "alias": [
              {
                "evaluate_target_health": true,
                "name": "cdci-prd-alb-764706690.ap-northeast-2.elb.amazonaws.com",
                "zone_id": "ZWKZPGTI48KDX"
              }
            ],
            "allow_overwrite": null,
            "cidr_routing_policy": [],
            "failover_routing_policy": [],
            "fqdn": "codecaine.yujeong91.shop",
            "geolocation_routing_policy": [],
            "geoproximity_routing_policy": [],
            "health_check_id": "",
            "id": "Z009220527NRWAL7GBEUE_codecaine.yujeong91.shop_A",
            "latency_routing_policy": [],
            "multivalue_answer_routing_policy": false,
            "name": "codecaine.yujeong91.shop",
            "records": null,
            "set_identifier": "",
            "timeouts": null,
            "ttl": 0,
            "type": "A",
            "weighted_routing_policy": [],
            "zone_id": "Z009220527NRWAL7GBEUE"
          },
          "sensitive_attributes": [],
          "identity_schema_version": 0,
          "private": "eyJlMmJmYjczMC1lY2FhLTExZTYtOGY4OC0zNDM2M2JjN2M0YzAiOnsiY3JlYXRlIjoxODAwMDAwMDAwMDAwLCJkZWxldGUiOjE4MDAwMDAwMDAwMDAsInVwZGF0ZSI6MTgwMDAwMDAwMDAwMH0sInNjaGVtYV92ZXJzaW9uIjoiMiJ9",
          "dependencies": [
            "aws_lb.main",
            "aws_s3_bucket.alb_logs",
            "aws_security_group.alb",
            "aws_subnet.public",
            "aws_vpc.cluster",
            "data.aws_route53_zone.main",
            "data.terraform_remote_state.foundation"
          ]
        }
      ]
    },
    {
      "mode": "managed",
      "type": "aws_route_table",
      "name": "private_app",
      "provider": "provider[\"registry.terraform.io/hashicorp/aws\"]",
      "instances": []
    },
    {
      "mode": "managed",
      "type": "aws_route_table",
      "name": "public",
      "provider": "provider[\"registry.terraform.io/hashicorp/aws\"]",
      "instances": []
    },
    {
      "mode": "managed",
      "type": "aws_route_table_association",
      "name": "private_app",
      "provider": "provider[\"registry.terraform.io/hashicorp/aws\"]",
      "instances": []
    },
    {
      "mode": "managed",
      "type": "aws_route_table_association",
      "name": "public",
      "provider": "provider[\"registry.terraform.io/hashicorp/aws\"]",
      "instances": []
    },
    {
      "mode": "managed",
      "type": "aws_s3_bucket",
      "name": "alb_logs",
      "provider": "provider[\"registry.terraform.io/hashicorp/aws\"]",
      "instances": [
        {
          "schema_version": 0,
          "attributes": {
            "acceleration_status": "",
            "acl": null,
            "arn": "arn:aws:s3:::cdci-prd-alb-logs",
            "bucket": "cdci-prd-alb-logs",
            "bucket_domain_name": "cdci-prd-alb-logs.s3.amazonaws.com",
            "bucket_prefix": "",
            "bucket_regional_domain_name": "cdci-prd-alb-logs.s3.ap-northeast-2.amazonaws.com",
            "cors_rule": [],
            "force_destroy": false,
            "grant": [
              {
                "id": "e3863f2707e03959bdb11f52590085266df850145ea9fb6d3ea7afc1d327aaca",
                "permissions": [
                  "FULL_CONTROL"
                ],
                "type": "CanonicalUser",
                "uri": ""
              }
            ],
            "hosted_zone_id": "Z3W03O7B5YMIYP",
            "id": "cdci-prd-alb-logs",
            "lifecycle_rule": [
              {
                "abort_incomplete_multipart_upload_days": 0,
                "enabled": true,
                "expiration": [
                  {
                    "date": "",
                    "days": 90,
                    "expired_object_delete_marker": false
                  }
                ],
                "id": "delete-old-logs",
                "noncurrent_version_expiration": [],
                "noncurrent_version_transition": [],
                "prefix": "",
                "tags": {},
                "transition": []
              }
            ],
            "logging": [],
            "object_lock_configuration": [],
            "object_lock_enabled": false,
            "policy": "{\"Statement\":[{\"Action\":\"s3:PutObject\",\"Effect\":\"Allow\",\"Principal\":{\"AWS\":\"arn:aws:iam::600734575887:root\"},\"Resource\":\"arn:aws:s3:::cdci-prd-alb-logs/*\"},{\"Action\":\"s3:PutObject\",\"Effect\":\"Allow\",\"Principal\":{\"Service\":\"logdelivery.elasticloadbalancing.amazonaws.com\"},\"Resource\":\"arn:aws:s3:::cdci-prd-alb-logs/*\"}],\"Version\":\"2012-10-17\"}",
            "region": "ap-northeast-2",
            "replication_configuration": [],
            "request_payer": "BucketOwner",
            "server_side_encryption_configuration": [
              {
                "rule": [
                  {
                    "apply_server_side_encryption_by_default": [
                      {
                        "kms_master_key_id": "",
                        "sse_algorithm": "AES256"
                      }
                    ],
                    "bucket_key_enabled": false
                  }
                ]
              }
            ],
            "tags": {
              "Name": "CDCI-PRD-ALB-LOGS"
            },
            "tags_all": {
              "Environment": "prd",
              "ManagedBy": "Terraform",
              "Module": "compute-cluster",
              "Name": "CDCI-PRD-ALB-LOGS",
              "Project": "cdci"
            },
            "timeouts": null,
            "versioning": [
              {
                "enabled": true,
                "mfa_delete": false
              }
            ],
            "website": [],
            "website_domain": null,
            "website_endpoint": null
          },
          "sensitive_attributes": [],
          "identity_schema_version": 0,
          "private": "eyJlMmJmYjczMC1lY2FhLTExZTYtOGY4OC0zNDM2M2JjN2M0YzAiOnsiY3JlYXRlIjoxMjAwMDAwMDAwMDAwLCJkZWxldGUiOjM2MDAwMDAwMDAwMDAsInJlYWQiOjEyMDAwMDAwMDAwMDAsInVwZGF0ZSI6MTIwMDAwMDAwMDAwMH19"
        }
      ]
    },
    {
      "mode": "managed",
      "type": "aws_s3_bucket",
      "name": "codef_data",
      "provider": "provider[\"registry.terraform.io/hashicorp/aws\"]",
      "instances": [
        {
          "schema_version": 0,
          "attributes": {
            "acceleration_status": "",
            "acl": null,
            "arn": "arn:aws:s3:::cdci-prd-codef-data",
            "bucket": "cdci-prd-codef-data",
            "bucket_domain_name": "cdci-prd-codef-data.s3.amazonaws.com",
            "bucket_prefix": "",
            "bucket_regional_domain_name": "cdci-prd-codef-data.s3.ap-northeast-2.amazonaws.com",
            "cors_rule": [],
            "force_destroy": false,
            "grant": [
              {
                "id": "e3863f2707e03959bdb11f52590085266df850145ea9fb6d3ea7afc1d327aaca",
                "permissions": [
                  "FULL_CONTROL"
                ],
                "type": "CanonicalUser",
                "uri": ""
              }
            ],
            "hosted_zone_id": "Z3W03O7B5YMIYP",
            "id": "cdci-prd-codef-data",
            "lifecycle_rule": [
              {
                "abort_incomplete_multipart_upload_days": 0,
                "enabled": true,
                "expiration": [
                  {
                    "date": "",
                    "days": 30,
                    "expired_object_delete_marker": false
                  }
                ],
                "id": "delete-old-data",
                "noncurrent_version_expiration": [],
                "noncurrent_version_transition": [],
                "prefix": "",
                "tags": {},
                "transition": []
              },
              {
                "abort_incomplete_multipart_upload_days": 7,
                "enabled": true,
                "expiration": [],
                "id": "delete-incomplete-uploads",
                "noncurrent_version_expiration": [],
                "noncurrent_version_transition": [],
                "prefix": "",
                "tags": {},
                "transition": []
              }
            ],
            "logging": [
              {
                "target_bucket": "cdci-prd-codef-data",
                "target_prefix": "access-logs/"
              }
            ],
            "object_lock_configuration": [],
            "object_lock_enabled": false,
            "policy": "{\"Statement\":[{\"Action\":[\"s3:GetObject\",\"s3:PutObject\",\"s3:DeleteObject\",\"s3:ListBucket\"],\"Effect\":\"Allow\",\"Principal\":{\"AWS\":\"arn:aws:iam::365827924759:role/CDCI-PRD-ECS-TASK-EXECUTION-ROLE\"},\"Resource\":[\"arn:aws:s3:::cdci-prd-codef-data\",\"arn:aws:s3:::cdci-prd-codef-data/*\"],\"Sid\":\"AllowECSTasksAccess\"},{\"Action\":\"s3:*\",\"Condition\":{\"Bool\":{\"aws:SecureTransport\":\"false\"}},\"Effect\":\"Deny\",\"Principal\":\"*\",\"Resource\":[\"arn:aws:s3:::cdci-prd-codef-data\",\"arn:aws:s3:::cdci-prd-codef-data/*\"],\"Sid\":\"DenyInsecureTransport\"}],\"Version\":\"2012-10-17\"}",
            "region": "ap-northeast-2",
            "replication_configuration": [],
            "request_payer": "BucketOwner",
            "server_side_encryption_configuration": [
              {
                "rule": [
                  {
                    "apply_server_side_encryption_by_default": [
                      {
                        "kms_master_key_id": "",
                        "sse_algorithm": "AES256"
                      }
                    ],
                    "bucket_key_enabled": false
                  }
                ]
              }
            ],
            "tags": {
              "DataType": "JSON",
              "Name": "cdci-prd-codef-data",
              "Purpose": "CODEF API Response Storage",
              "Sensitivity": "High"
            },
            "tags_all": {
              "DataType": "JSON",
              "Environment": "prd",
              "ManagedBy": "Terraform",
              "Module": "compute-cluster",
              "Name": "cdci-prd-codef-data",
              "Project": "cdci",
              "Purpose": "CODEF API Response Storage",
              "Sensitivity": "High"
            },
            "timeouts": null,
            "versioning": [
              {
                "enabled": true,
                "mfa_delete": false
              }
            ],
            "website": [],
            "website_domain": null,
            "website_endpoint": null
          },
          "sensitive_attributes": [],
          "identity_schema_version": 0,
          "private": "eyJlMmJmYjczMC1lY2FhLTExZTYtOGY4OC0zNDM2M2JjN2M0YzAiOnsiY3JlYXRlIjoxMjAwMDAwMDAwMDAwLCJkZWxldGUiOjM2MDAwMDAwMDAwMDAsInJlYWQiOjEyMDAwMDAwMDAwMDAsInVwZGF0ZSI6MTIwMDAwMDAwMDAwMH19"
        }
      ]
    },
    {
      "mode": "managed",
      "type": "aws_s3_bucket_lifecycle_configuration",
      "name": "alb_logs",
      "provider": "provider[\"registry.terraform.io/hashicorp/aws\"]",
      "instances": [
        {
          "schema_version": 1,
          "attributes": {
            "bucket": "cdci-prd-alb-logs",
            "expected_bucket_owner": "",
            "id": "cdci-prd-alb-logs",
            "rule": [
              {
                "abort_incomplete_multipart_upload": [],
                "expiration": [
                  {
                    "date": null,
                    "days": 90,
                    "expired_object_delete_marker": false
                  }
                ],
                "filter": [
                  {
                    "and": [],
                    "object_size_greater_than": null,
                    "object_size_less_than": null,
                    "prefix": "",
                    "tag": []
                  }
                ],
                "id": "delete-old-logs",
                "noncurrent_version_expiration": [],
                "noncurrent_version_transition": [],
                "prefix": "",
                "status": "Enabled",
                "transition": []
              }
            ],
            "timeouts": null,
            "transition_default_minimum_object_size": "all_storage_classes_128K"
          },
          "sensitive_attributes": [],
          "identity_schema_version": 0,
          "dependencies": [
            "aws_s3_bucket.alb_logs"
          ]
        }
      ]
    },
    {
      "mode": "managed",
      "type": "aws_s3_bucket_lifecycle_configuration",
      "name": "codef_data",
      "provider": "provider[\"registry.terraform.io/hashicorp/aws\"]",
      "instances": [
        {
          "schema_version": 1,
          "attributes": {
            "bucket": "cdci-prd-codef-data",
            "expected_bucket_owner": "",
            "id": "cdci-prd-codef-data",
            "rule": [
              {
                "abort_incomplete_multipart_upload": [],
                "expiration": [
                  {
                    "date": null,
                    "days": 30,
                    "expired_object_delete_marker": false
                  }
                ],
                "filter": [
                  {
                    "and": [],
                    "object_size_greater_than": null,
                    "object_size_less_than": null,
                    "prefix": "",
                    "tag": []
                  }
                ],
                "id": "delete-old-data",
                "noncurrent_version_expiration": [],
                "noncurrent_version_transition": [],
                "prefix": "",
                "status": "Enabled",
                "transition": []
              },
              {
                "abort_incomplete_multipart_upload": [
                  {
                    "days_after_initiation": 7
                  }
                ],
                "expiration": [],
                "filter": [
                  {
                    "and": [],
                    "object_size_greater_than": null,
                    "object_size_less_than": null,
                    "prefix": "",
                    "tag": []
                  }
                ],
                "id": "delete-incomplete-uploads",
                "noncurrent_version_expiration": [],
                "noncurrent_version_transition": [],
                "prefix": "",
                "status": "Enabled",
                "transition": []
              }
            ],
            "timeouts": null,
            "transition_default_minimum_object_size": "all_storage_classes_128K"
          },
          "sensitive_attributes": [],
          "identity_schema_version": 0,
          "dependencies": [
            "aws_s3_bucket.codef_data"
          ]
        }
      ]
    },
    {
      "mode": "managed",
      "type": "aws_s3_bucket_logging",
      "name": "codef_data",
      "provider": "provider[\"registry.terraform.io/hashicorp/aws\"]",
      "instances": [
        {
          "schema_version": 0,
          "attributes": {
            "bucket": "cdci-prd-codef-data",
            "expected_bucket_owner": "",
            "id": "cdci-prd-codef-data",
            "target_bucket": "cdci-prd-codef-data",
            "target_grant": [],
            "target_object_key_format": [],
            "target_prefix": "access-logs/"
          },
          "sensitive_attributes": [],
          "identity_schema_version": 0,
          "private": "bnVsbA==",
          "dependencies": [
            "aws_s3_bucket.codef_data"
          ]
        }
      ]
    },
    {
      "mode": "managed",
      "type": "aws_s3_bucket_policy",
      "name": "alb_logs",
      "provider": "provider[\"registry.terraform.io/hashicorp/aws\"]",
      "instances": [
        {
          "schema_version": 0,
          "attributes": {
            "bucket": "cdci-prd-alb-logs",
            "id": "cdci-prd-alb-logs",
            "policy": "{\"Statement\":[{\"Action\":\"s3:PutObject\",\"Effect\":\"Allow\",\"Principal\":{\"AWS\":\"arn:aws:iam::600734575887:root\"},\"Resource\":\"arn:aws:s3:::cdci-prd-alb-logs/*\"},{\"Action\":\"s3:PutObject\",\"Effect\":\"Allow\",\"Principal\":{\"Service\":\"logdelivery.elasticloadbalancing.amazonaws.com\"},\"Resource\":\"arn:aws:s3:::cdci-prd-alb-logs/*\"}],\"Version\":\"2012-10-17\"}"
          },
          "sensitive_attributes": [],
          "identity_schema_version": 0,
          "private": "bnVsbA==",
          "dependencies": [
            "aws_s3_bucket.alb_logs",
            "data.aws_elb_service_account.main"
          ]
        }
      ]
    },
    {
      "mode": "managed",
      "type": "aws_s3_bucket_policy",
      "name": "codef_data",
      "provider": "provider[\"registry.terraform.io/hashicorp/aws\"]",
      "instances": [
        {
          "schema_version": 0,
          "attributes": {
            "bucket": "cdci-prd-codef-data",
            "id": "cdci-prd-codef-data",
            "policy": "{\"Statement\":[{\"Action\":[\"s3:GetObject\",\"s3:PutObject\",\"s3:DeleteObject\",\"s3:ListBucket\"],\"Effect\":\"Allow\",\"Principal\":{\"AWS\":\"arn:aws:iam::365827924759:role/CDCI-PRD-ECS-TASK-EXECUTION-ROLE\"},\"Resource\":[\"arn:aws:s3:::cdci-prd-codef-data\",\"arn:aws:s3:::cdci-prd-codef-data/*\"],\"Sid\":\"AllowECSTasksAccess\"},{\"Action\":\"s3:*\",\"Condition\":{\"Bool\":{\"aws:SecureTransport\":\"false\"}},\"Effect\":\"Deny\",\"Principal\":\"*\",\"Resource\":[\"arn:aws:s3:::cdci-prd-codef-data\",\"arn:aws:s3:::cdci-prd-codef-data/*\"],\"Sid\":\"DenyInsecureTransport\"}],\"Version\":\"2012-10-17\"}"
          },
          "sensitive_attributes": [],
          "identity_schema_version": 0,
          "private": "bnVsbA==",
          "dependencies": [
            "aws_iam_role.ecs_task_execution",
            "aws_s3_bucket.codef_data"
          ]
        }
      ]
    },
    {
      "mode": "managed",
      "type": "aws_s3_bucket_public_access_block",
      "name": "alb_logs",
      "provider": "provider[\"registry.terraform.io/hashicorp/aws\"]",
      "instances": [
        {
          "schema_version": 0,
          "attributes": {
            "block_public_acls": true,
            "block_public_policy": true,
            "bucket": "cdci-prd-alb-logs",
            "id": "cdci-prd-alb-logs",
            "ignore_public_acls": true,
            "restrict_public_buckets": true
          },
          "sensitive_attributes": [],
          "identity_schema_version": 0,
          "private": "bnVsbA==",
          "dependencies": [
            "aws_s3_bucket.alb_logs"
          ]
        }
      ]
    },
    {
      "mode": "managed",
      "type": "aws_s3_bucket_public_access_block",
      "name": "codef_data",
      "provider": "provider[\"registry.terraform.io/hashicorp/aws\"]",
      "instances": [
        {
          "schema_version": 0,
          "attributes": {
            "block_public_acls": true,
            "block_public_policy": true,
            "bucket": "cdci-prd-codef-data",
            "id": "cdci-prd-codef-data",
            "ignore_public_acls": true,
            "restrict_public_buckets": true
          },
          "sensitive_attributes": [],
          "identity_schema_version": 0,
          "private": "bnVsbA==",
          "dependencies": [
            "aws_s3_bucket.codef_data"
          ]
        }
      ]
    },
    {
      "mode": "managed",
      "type": "aws_s3_bucket_server_side_encryption_configuration",
      "name": "alb_logs",
      "provider": "provider[\"registry.terraform.io/hashicorp/aws\"]",
      "instances": [
        {
          "schema_version": 0,
          "attributes": {
            "bucket": "cdci-prd-alb-logs",
            "expected_bucket_owner": "",
            "id": "cdci-prd-alb-logs",
            "rule": [
              {
                "apply_server_side_encryption_by_default": [
                  {
                    "kms_master_key_id": "",
                    "sse_algorithm": "AES256"
                  }
                ],
                "bucket_key_enabled": false
              }
            ]
          },
          "sensitive_attributes": [],
          "identity_schema_version": 0,
          "private": "bnVsbA==",
          "dependencies": [
            "aws_s3_bucket.alb_logs"
          ]
        }
      ]
    },
    {
      "mode": "managed",
      "type": "aws_s3_bucket_server_side_encryption_configuration",
      "name": "codef_data",
      "provider": "provider[\"registry.terraform.io/hashicorp/aws\"]",
      "instances": [
        {
          "schema_version": 0,
          "attributes": {
            "bucket": "cdci-prd-codef-data",
            "expected_bucket_owner": "",
            "id": "cdci-prd-codef-data",
            "rule": [
              {
                "apply_server_side_encryption_by_default": [
                  {
                    "kms_master_key_id": "",
                    "sse_algorithm": "AES256"
                  }
                ],
                "bucket_key_enabled": false
              }
            ]
          },
          "sensitive_attributes": [],
          "identity_schema_version": 0,
          "private": "bnVsbA==",
          "dependencies": [
            "aws_s3_bucket.codef_data"
          ]
        }
      ]
    },
    {
      "mode": "managed",
      "type": "aws_s3_bucket_versioning",
      "name": "alb_logs",
      "provider": "provider[\"registry.terraform.io/hashicorp/aws\"]",
      "instances": [
        {
          "schema_version": 0,
          "attributes": {
            "bucket": "cdci-prd-alb-logs",
            "expected_bucket_owner": "",
            "id": "cdci-prd-alb-logs",
            "mfa": null,
            "versioning_configuration": [
              {
                "mfa_delete": "",
                "status": "Enabled"
              }
            ]
          },
          "sensitive_attributes": [],
          "identity_schema_version": 0,
          "private": "bnVsbA==",
          "dependencies": [
            "aws_s3_bucket.alb_logs"
          ]
        }
      ]
    },
    {
      "mode": "managed",
      "type": "aws_s3_bucket_versioning",
      "name": "codef_data",
      "provider": "provider[\"registry.terraform.io/hashicorp/aws\"]",
      "instances": [
        {
          "schema_version": 0,
          "attributes": {
            "bucket": "cdci-prd-codef-data",
            "expected_bucket_owner": "",
            "id": "cdci-prd-codef-data",
            "mfa": null,
            "versioning_configuration": [
              {
                "mfa_delete": "",
                "status": "Enabled"
              }
            ]
          },
          "sensitive_attributes": [],
          "identity_schema_version": 0,
          "private": "bnVsbA==",
          "dependencies": [
            "aws_s3_bucket.codef_data"
          ]
        }
      ]
    },
    {
      "mode": "managed",
      "type": "aws_security_group",
      "name": "alb",
      "provider": "provider[\"registry.terraform.io/hashicorp/aws\"]",
      "instances": []
    },
    {
      "mode": "managed",
      "type": "aws_security_group",
      "name": "bastion",
      "provider": "provider[\"registry.terraform.io/hashicorp/aws\"]",
      "instances": [
        {
          "schema_version": 1,
          "attributes": {
            "arn": "arn:aws:ec2:ap-northeast-2:365827924759:security-group/sg-0f8a2cd9753c2ab2f",
            "description": "Security group for Bastion host",
            "egress": [
              {
                "cidr_blocks": [
                  "0.0.0.0/0"
                ],
                "description": "Allow all outbound",
                "from_port": 0,
                "ipv6_cidr_blocks": [],
                "prefix_list_ids": [],
                "protocol": "-1",
                "security_groups": [],
                "self": false,
                "to_port": 0
              }
            ],
            "id": "sg-0f8a2cd9753c2ab2f",
            "ingress": [
              {
                "cidr_blocks": [
                  "1.2.3.4/32"
                ],
                "description": "SSH from allowed IPs",
                "from_port": 22,
                "ipv6_cidr_blocks": [],
                "prefix_list_ids": [],
                "protocol": "tcp",
                "security_groups": [],
                "self": false,
                "to_port": 22
              }
            ],
            "name": "cdci-prd-bastion-20260310083239888600000001",
            "name_prefix": "cdci-prd-bastion-",
            "owner_id": "365827924759",
            "revoke_rules_on_delete": false,
            "tags": {
              "Name": "CDCI-PRD-BASTION-SG"
            },
            "tags_all": {
              "Environment": "prd",
              "ManagedBy": "Terraform",
              "Module": "compute-cluster",
              "Name": "CDCI-PRD-BASTION-SG",
              "Project": "cdci"
            },
            "timeouts": null,
            "vpc_id": "vpc-08a241410715386e1"
          },
          "sensitive_attributes": [],
          "identity_schema_version": 0,
          "private": "eyJlMmJmYjczMC1lY2FhLTExZTYtOGY4OC0zNDM2M2JjN2M0YzAiOnsiY3JlYXRlIjo2MDAwMDAwMDAwMDAsImRlbGV0ZSI6OTAwMDAwMDAwMDAwfSwic2NoZW1hX3ZlcnNpb24iOiIxIn0=",
          "dependencies": [
            "aws_vpc.cluster",
            "data.terraform_remote_state.foundation"
          ],
          "create_before_destroy": true
        }
      ]
    },
    {
      "mode": "managed",
      "type": "aws_security_group",
      "name": "ecs_tasks",
      "provider": "provider[\"registry.terraform.io/hashicorp/aws\"]",
      "instances": []
    },
    {
      "mode": "managed",
      "type": "aws_subnet",
      "name": "private_app",
      "provider": "provider[\"registry.terraform.io/hashicorp/aws\"]",
      "instances": []
    },
    {
      "mode": "managed",
      "type": "aws_subnet",
      "name": "public",
      "provider": "provider[\"registry.terraform.io/hashicorp/aws\"]",
      "instances": []
    },
    {
      "mode": "managed",
      "type": "aws_vpc",
      "name": "cluster",
      "provider": "provider[\"registry.terraform.io/hashicorp/aws\"]",
      "instances": []
    }
  ],
  "check_results": null
}
